// !$*UTF8*$!
{
	archiveVersion = 1;
	classes = {
	};
	objectVersion = 50;
	objects = {

/* Begin PBXBuildFile section */
		140ABC3B249C04A4004D15BD /* SCSInSD-135px.png in Resources */ = {isa = PBXBuildFile; fileRef = 140ABC3A249C04A4004D15BD /* SCSInSD-135px.png */; };
		141C5F70247EC92600CB8719 /* libusb-1.0.a in Frameworks */ = {isa = PBXBuildFile; fileRef = 14B79B0D244A315E00C3FC92 /* libusb-1.0.a */; };
		141C5F71247F11A500CB8719 /* hidpacket.c in Sources */ = {isa = PBXBuildFile; fileRef = 14C54CAE244B9D9F0086316F /* hidpacket.c */; };
		141C5F72247F11A900CB8719 /* Dfu.cc in Sources */ = {isa = PBXBuildFile; fileRef = 14AF8336243A1B220046D0DF /* Dfu.cc */; };
		141C5F74247F11B300CB8719 /* hid.c in Sources */ = {isa = PBXBuildFile; fileRef = 14C271A2242637F6003AA991 /* hid.c */; };
		141C5F782480D92200CB8719 /* ConfigUtil.mm in Sources */ = {isa = PBXBuildFile; fileRef = 141C5F772480D92200CB8719 /* ConfigUtil.mm */; };
		141C5F792480D92E00CB8719 /* ConfigUtil.mm in Sources */ = {isa = PBXBuildFile; fileRef = 141C5F772480D92200CB8719 /* ConfigUtil.mm */; };
		141C5F7C2480D96C00CB8719 /* SCSI2SD_HID.mm in Sources */ = {isa = PBXBuildFile; fileRef = 141C5F7B2480D96B00CB8719 /* SCSI2SD_HID.mm */; };
		141C5F7D2480D97B00CB8719 /* SCSI2SD_HID.mm in Sources */ = {isa = PBXBuildFile; fileRef = 141C5F7B2480D96B00CB8719 /* SCSI2SD_HID.mm */; };
		1458093524834B8A00159CB8 /* hwversion.c in Sources */ = {isa = PBXBuildFile; fileRef = 1458093424834B8A00159CB8 /* hwversion.c */; };
		1458093624834B8A00159CB8 /* hwversion.c in Sources */ = {isa = PBXBuildFile; fileRef = 1458093424834B8A00159CB8 /* hwversion.c */; };
		145809432486021F00159CB8 /* stm32f2xx_hal_gpio.c in Sources */ = {isa = PBXBuildFile; fileRef = 145809412486021E00159CB8 /* stm32f2xx_hal_gpio.c */; };
		145809442486021F00159CB8 /* stm32f2xx_hal_gpio.c in Sources */ = {isa = PBXBuildFile; fileRef = 145809412486021E00159CB8 /* stm32f2xx_hal_gpio.c */; };
		145809452486021F00159CB8 /* stm32f2xx_hal_flash.c in Sources */ = {isa = PBXBuildFile; fileRef = 145809422486021E00159CB8 /* stm32f2xx_hal_flash.c */; };
		145809462486021F00159CB8 /* stm32f2xx_hal_flash.c in Sources */ = {isa = PBXBuildFile; fileRef = 145809422486021E00159CB8 /* stm32f2xx_hal_flash.c */; };
		145809482486025300159CB8 /* stm32f2xx_hal.c in Sources */ = {isa = PBXBuildFile; fileRef = 145809472486025300159CB8 /* stm32f2xx_hal.c */; };
		145809492486025300159CB8 /* stm32f2xx_hal.c in Sources */ = {isa = PBXBuildFile; fileRef = 145809472486025300159CB8 /* stm32f2xx_hal.c */; };
		145809802486F90C00159CB8 /* stm32f2xx_hal_flash_ex.c in Sources */ = {isa = PBXBuildFile; fileRef = 1458097F2486F90C00159CB8 /* stm32f2xx_hal_flash_ex.c */; };
		145809822486F96600159CB8 /* stm32f2xx_hal_cortex.c in Sources */ = {isa = PBXBuildFile; fileRef = 145809812486F96600159CB8 /* stm32f2xx_hal_cortex.c */; };
		145809842486FA1000159CB8 /* stm32f2xx_hal_rcc.c in Sources */ = {isa = PBXBuildFile; fileRef = 145809832486FA0F00159CB8 /* stm32f2xx_hal_rcc.c */; };
		1458098824871D8700159CB8 /* time.c in Sources */ = {isa = PBXBuildFile; fileRef = 1458098724871D8700159CB8 /* time.c */; };
		1458098A24871E1F00159CB8 /* system_stm32f2xx.c in Sources */ = {isa = PBXBuildFile; fileRef = 1458098924871E1F00159CB8 /* system_stm32f2xx.c */; };
		1458098B24871E2600159CB8 /* system_stm32f2xx.c in Sources */ = {isa = PBXBuildFile; fileRef = 1458098924871E1F00159CB8 /* system_stm32f2xx.c */; };
		14580A7A248845CA00159CB8 /* dfu_file.c in Sources */ = {isa = PBXBuildFile; fileRef = 14580A69248845C900159CB8 /* dfu_file.c */; };
		14580A7B248845CA00159CB8 /* quirks.c in Sources */ = {isa = PBXBuildFile; fileRef = 14580A6F248845C900159CB8 /* quirks.c */; };
		14580A7C248845CA00159CB8 /* dfu_util.c in Sources */ = {isa = PBXBuildFile; fileRef = 14580A71248845C900159CB8 /* dfu_util.c */; };
		14580A7D248845CA00159CB8 /* dfu.c in Sources */ = {isa = PBXBuildFile; fileRef = 14580A73248845CA00159CB8 /* dfu.c */; };
		14580A7E248845CA00159CB8 /* dfuse_mem.c in Sources */ = {isa = PBXBuildFile; fileRef = 14580A74248845CA00159CB8 /* dfuse_mem.c */; };
		14580A7F248845CA00159CB8 /* dfuse.c in Sources */ = {isa = PBXBuildFile; fileRef = 14580A75248845CA00159CB8 /* dfuse.c */; };
		14580A80248845CA00159CB8 /* lib_main.c in Sources */ = {isa = PBXBuildFile; fileRef = 14580A76248845CA00159CB8 /* lib_main.c */; };
		14580A83248845CA00159CB8 /* dfu_load.c in Sources */ = {isa = PBXBuildFile; fileRef = 14580A79248845CA00159CB8 /* dfu_load.c */; };
		14580A84248845F900159CB8 /* dfu_file.c in Sources */ = {isa = PBXBuildFile; fileRef = 14580A69248845C900159CB8 /* dfu_file.c */; };
		14580A85248845FC00159CB8 /* dfu_load.c in Sources */ = {isa = PBXBuildFile; fileRef = 14580A79248845CA00159CB8 /* dfu_load.c */; };
		14580A862488460000159CB8 /* dfu_util.c in Sources */ = {isa = PBXBuildFile; fileRef = 14580A71248845C900159CB8 /* dfu_util.c */; };
		14580A872488460500159CB8 /* dfu.c in Sources */ = {isa = PBXBuildFile; fileRef = 14580A73248845CA00159CB8 /* dfu.c */; };
		14580A882488460900159CB8 /* dfuse_mem.c in Sources */ = {isa = PBXBuildFile; fileRef = 14580A74248845CA00159CB8 /* dfuse_mem.c */; };
		14580A892488460C00159CB8 /* dfuse.c in Sources */ = {isa = PBXBuildFile; fileRef = 14580A75248845CA00159CB8 /* dfuse.c */; };
		14580A8A2488461000159CB8 /* lib_main.c in Sources */ = {isa = PBXBuildFile; fileRef = 14580A76248845CA00159CB8 /* lib_main.c */; };
		14580A8C2488461C00159CB8 /* quirks.c in Sources */ = {isa = PBXBuildFile; fileRef = 14580A6F248845C900159CB8 /* quirks.c */; };
		14580A8F248886F100159CB8 /* stm32f2xx_hal_rcc.c in Sources */ = {isa = PBXBuildFile; fileRef = 145809832486FA0F00159CB8 /* stm32f2xx_hal_rcc.c */; };
		14580A90248886F500159CB8 /* stm32f2xx_hal_cortex.c in Sources */ = {isa = PBXBuildFile; fileRef = 145809812486F96600159CB8 /* stm32f2xx_hal_cortex.c */; };
		14580A91248886F900159CB8 /* stm32f2xx_hal_flash_ex.c in Sources */ = {isa = PBXBuildFile; fileRef = 1458097F2486F90C00159CB8 /* stm32f2xx_hal_flash_ex.c */; };
		14580A92248887BB00159CB8 /* time.c in Sources */ = {isa = PBXBuildFile; fileRef = 1458098724871D8700159CB8 /* time.c */; };
		146A539223BBEB800000A06B /* ConfigObject.mm in Sources */ = {isa = PBXBuildFile; fileRef = 146A539123BBEB800000A06B /* ConfigObject.mm */; };
		1482B1E923973F3E001BA513 /* AppDelegate.mm in Sources */ = {isa = PBXBuildFile; fileRef = 1482B1E823973F3E001BA513 /* AppDelegate.mm */; };
		1482B1EB23973F42001BA513 /* Assets.xcassets in Resources */ = {isa = PBXBuildFile; fileRef = 1482B1EA23973F42001BA513 /* Assets.xcassets */; };
		1482B1EE23973F42001BA513 /* MainMenu.xib in Resources */ = {isa = PBXBuildFile; fileRef = 1482B1EC23973F42001BA513 /* MainMenu.xib */; };
		1482B1F123973F42001BA513 /* main.m in Sources */ = {isa = PBXBuildFile; fileRef = 1482B1F023973F42001BA513 /* main.m */; };
		1482B20F239748DB001BA513 /* DeviceController.mm in Sources */ = {isa = PBXBuildFile; fileRef = 1482B203239748DB001BA513 /* DeviceController.mm */; };
		1482B210239748DB001BA513 /* SettingsController.mm in Sources */ = {isa = PBXBuildFile; fileRef = 1482B204239748DB001BA513 /* SettingsController.mm */; };
		14AF8337243A1B220046D0DF /* Dfu.cc in Sources */ = {isa = PBXBuildFile; fileRef = 14AF8336243A1B220046D0DF /* Dfu.cc */; };
		14B8ABFB249C175000DD2E88 /* SCSI2SD-V6-util-512.png in Resources */ = {isa = PBXBuildFile; fileRef = 14B8ABFA249C175000DD2E88 /* SCSI2SD-V6-util-512.png */; };
		14C271A3242637F6003AA991 /* hid.c in Sources */ = {isa = PBXBuildFile; fileRef = 14C271A2242637F6003AA991 /* hid.c */; };
		14C54CAB244A341B0086316F /* libusb-1.0.a in Frameworks */ = {isa = PBXBuildFile; fileRef = 14B79B0D244A315E00C3FC92 /* libusb-1.0.a */; };
		14C54CAF244B9D9F0086316F /* hidpacket.c in Sources */ = {isa = PBXBuildFile; fileRef = 14C54CAE244B9D9F0086316F /* hidpacket.c */; };
		14C54CB2244BBC5A0086316F /* dfu-util in Resources */ = {isa = PBXBuildFile; fileRef = 14C54CB1244BBC590086316F /* dfu-util */; };
		14D96BCF23C935330008E7B3 /* main.mm in Sources */ = {isa = PBXBuildFile; fileRef = 14D96BCE23C935330008E7B3 /* main.mm */; };
		14DEC5E8239F456800ECD04A /* Functions.mm in Sources */ = {isa = PBXBuildFile; fileRef = 14DEC5E6239F456800ECD04A /* Functions.mm */; };
		14DEC5EF23A4C76000ECD04A /* NSString+Extensions.m in Sources */ = {isa = PBXBuildFile; fileRef = 14DEC5EE23A4C76000ECD04A /* NSString+Extensions.m */; };
		14F2F96523C94A4400169DD2 /* SCSI2SDTask.mm in Sources */ = {isa = PBXBuildFile; fileRef = 14F2F96423C94A4400169DD2 /* SCSI2SDTask.mm */; };
		14F2F96B23CA23F000169DD2 /* Functions.mm in Sources */ = {isa = PBXBuildFile; fileRef = 14DEC5E6239F456800ECD04A /* Functions.mm */; };
		14F2F96C23CA23F700169DD2 /* NSString+Extensions.m in Sources */ = {isa = PBXBuildFile; fileRef = 14DEC5EE23A4C76000ECD04A /* NSString+Extensions.m */; };
		14F2F96D23CA23FA00169DD2 /* ConfigObject.mm in Sources */ = {isa = PBXBuildFile; fileRef = 146A539123BBEB800000A06B /* ConfigObject.mm */; };
		DD7DCB0BEFAC1D7A075B511E /* libPods-SCSI2SD-util-v6.a in Frameworks */ = {isa = PBXBuildFile; fileRef = 26451B5FE5FE6B8B9C117D01 /* libPods-SCSI2SD-util-v6.a */; };
/* End PBXBuildFile section */

/* Begin PBXCopyFilesBuildPhase section */
		14D96BCA23C935320008E7B3 /* CopyFiles */ = {
			isa = PBXCopyFilesBuildPhase;
			buildActionMask = 2147483647;
			dstPath = /usr/share/man/man1/;
			dstSubfolderSpec = 0;
			files = (
			);
			runOnlyForDeploymentPostprocessing = 1;
		};
/* End PBXCopyFilesBuildPhase section */

/* Begin PBXFileReference section */
		03245E2E41A614094EACB579 /* Pods-SCSI2SD-util.debug.xcconfig */ = {isa = PBXFileReference; includeInIndex = 1; lastKnownFileType = text.xcconfig; name = "Pods-SCSI2SD-util.debug.xcconfig"; path = "Pods/Target Support Files/Pods-SCSI2SD-util/Pods-SCSI2SD-util.debug.xcconfig"; sourceTree = "<group>"; };
		140ABC3A249C04A4004D15BD /* SCSInSD-135px.png */ = {isa = PBXFileReference; lastKnownFileType = image.png; path = "SCSInSD-135px.png"; sourceTree = "<group>"; };
		141C5F762480D92200CB8719 /* ConfigUtil.hh */ = {isa = PBXFileReference; fileEncoding = 4; lastKnownFileType = sourcecode.cpp.h; path = ConfigUtil.hh; sourceTree = "<group>"; };
		141C5F772480D92200CB8719 /* ConfigUtil.mm */ = {isa = PBXFileReference; fileEncoding = 4; lastKnownFileType = sourcecode.cpp.objcpp; path = ConfigUtil.mm; sourceTree = "<group>"; };
		141C5F7A2480D96B00CB8719 /* SCSI2SD_HID.hh */ = {isa = PBXFileReference; fileEncoding = 4; lastKnownFileType = sourcecode.cpp.h; path = SCSI2SD_HID.hh; sourceTree = "<group>"; };
		141C5F7B2480D96B00CB8719 /* SCSI2SD_HID.mm */ = {isa = PBXFileReference; fileEncoding = 4; lastKnownFileType = sourcecode.cpp.objcpp; path = SCSI2SD_HID.mm; sourceTree = "<group>"; };
		14418B4623AAC77000C8EB09 /* hidpacket.h */ = {isa = PBXFileReference; fileEncoding = 4; lastKnownFileType = sourcecode.c.h; name = hidpacket.h; path = ../../../../include/hidpacket.h; sourceTree = "<group>"; };
		1458093424834B8A00159CB8 /* hwversion.c */ = {isa = PBXFileReference; fileEncoding = 4; lastKnownFileType = sourcecode.c.c; name = hwversion.c; path = ../../../../src/firmware/hwversion.c; sourceTree = "<group>"; };
		1458093924844F9300159CB8 /* stm32f2xx.h */ = {isa = PBXFileReference; fileEncoding = 4; lastKnownFileType = sourcecode.c.h; path = stm32f2xx.h; sourceTree = "<group>"; };
		1458093A24849D6E00159CB8 /* core_cm3.h */ = {isa = PBXFileReference; fileEncoding = 4; lastKnownFileType = sourcecode.c.h; path = core_cm3.h; sourceTree = "<group>"; };
		1458093B24849D9A00159CB8 /* core_cmInstr.h */ = {isa = PBXFileReference; lastKnownFileType = sourcecode.c.h; path = core_cmInstr.h; sourceTree = "<group>"; };
		1458093C24849DBA00159CB8 /* core_cmFunc.h */ = {isa = PBXFileReference; lastKnownFileType = sourcecode.c.h; path = core_cmFunc.h; sourceTree = "<group>"; };
		1458093D2485C60200159CB8 /* stm32f2xx_hal_def.h */ = {isa = PBXFileReference; fileEncoding = 4; lastKnownFileType = sourcecode.c.h; path = stm32f2xx_hal_def.h; sourceTree = "<group>"; };
		1458093E2485ED3D00159CB8 /* stm32f2xx_hal_gpio.h */ = {isa = PBXFileReference; fileEncoding = 4; lastKnownFileType = sourcecode.c.h; path = stm32f2xx_hal_gpio.h; sourceTree = "<group>"; };
		1458093F2485EDCC00159CB8 /* mxconstants.h */ = {isa = PBXFileReference; fileEncoding = 4; lastKnownFileType = sourcecode.c.h; path = mxconstants.h; sourceTree = "<group>"; };
		145809402485EE7F00159CB8 /* stm32f2xx_hal_flash.h */ = {isa = PBXFileReference; fileEncoding = 4; lastKnownFileType = sourcecode.c.h; path = stm32f2xx_hal_flash.h; sourceTree = "<group>"; };
		145809412486021E00159CB8 /* stm32f2xx_hal_gpio.c */ = {isa = PBXFileReference; fileEncoding = 4; lastKnownFileType = sourcecode.c.c; path = stm32f2xx_hal_gpio.c; sourceTree = "<group>"; };
		145809422486021E00159CB8 /* stm32f2xx_hal_flash.c */ = {isa = PBXFileReference; fileEncoding = 4; lastKnownFileType = sourcecode.c.c; path = stm32f2xx_hal_flash.c; sourceTree = "<group>"; };
		145809472486025300159CB8 /* stm32f2xx_hal.c */ = {isa = PBXFileReference; fileEncoding = 4; lastKnownFileType = sourcecode.c.c; path = stm32f2xx_hal.c; sourceTree = "<group>"; };
		1458094A24861CC700159CB8 /* stm32f2xx_hal.h */ = {isa = PBXFileReference; fileEncoding = 4; lastKnownFileType = sourcecode.c.h; path = stm32f2xx_hal.h; sourceTree = "<group>"; };
		1458094C24862A4F00159CB8 /* stm32f2xx_hal_conf_template.h */ = {isa = PBXFileReference; fileEncoding = 4; lastKnownFileType = sourcecode.c.h; name = stm32f2xx_hal_conf_template.h; path = "../../../../../STM32CubeMX/SCSI2SD-V6/Drivers/STM32F2xx_HAL_Driver/Inc/stm32f2xx_hal_conf_template.h"; sourceTree = "<group>"; };
		1458094D24862B2A00159CB8 /* stm32_hal_legacy.h */ = {isa = PBXFileReference; fileEncoding = 4; lastKnownFileType = sourcecode.c.h; name = stm32_hal_legacy.h; path = "../../../../../STM32CubeMX/SCSI2SD-V6/Drivers/STM32F2xx_HAL_Driver/Inc/Legacy/stm32_hal_legacy.h"; sourceTree = "<group>"; };
		1458094E24862B6C00159CB8 /* stm32f217xx.h */ = {isa = PBXFileReference; fileEncoding = 4; lastKnownFileType = sourcecode.c.h; name = stm32f217xx.h; path = "../../../../../STM32CubeMX/SCSI2SD-V6/Drivers/CMSIS/Device/ST/STM32F2xx/Include/stm32f217xx.h"; sourceTree = "<group>"; };
		1458094F24862B6C00159CB8 /* stm32f215xx.h */ = {isa = PBXFileReference; fileEncoding = 4; lastKnownFileType = sourcecode.c.h; name = stm32f215xx.h; path = "../../../../../STM32CubeMX/SCSI2SD-V6/Drivers/CMSIS/Device/ST/STM32F2xx/Include/stm32f215xx.h"; sourceTree = "<group>"; };
		1458095024862B6C00159CB8 /* stm32f205xx.h */ = {isa = PBXFileReference; fileEncoding = 4; lastKnownFileType = sourcecode.c.h; name = stm32f205xx.h; path = "../../../../../STM32CubeMX/SCSI2SD-V6/Drivers/CMSIS/Device/ST/STM32F2xx/Include/stm32f205xx.h"; sourceTree = "<group>"; };
		1458095124862B6C00159CB8 /* stm32f207xx.h */ = {isa = PBXFileReference; fileEncoding = 4; lastKnownFileType = sourcecode.c.h; name = stm32f207xx.h; path = "../../../../../STM32CubeMX/SCSI2SD-V6/Drivers/CMSIS/Device/ST/STM32F2xx/Include/stm32f207xx.h"; sourceTree = "<group>"; };
		1458095224862B6C00159CB8 /* system_stm32f2xx.h */ = {isa = PBXFileReference; fileEncoding = 4; lastKnownFileType = sourcecode.c.h; name = system_stm32f2xx.h; path = "../../../../../STM32CubeMX/SCSI2SD-V6/Drivers/CMSIS/Device/ST/STM32F2xx/Include/system_stm32f2xx.h"; sourceTree = "<group>"; };
		1458095324862CA400159CB8 /* stm32f2xx_hal_dac.h */ = {isa = PBXFileReference; fileEncoding = 4; lastKnownFileType = sourcecode.c.h; name = stm32f2xx_hal_dac.h; path = "../../../../../STM32CubeMX/SCSI2SD-V6/Drivers/STM32F2xx_HAL_Driver/Inc/stm32f2xx_hal_dac.h"; sourceTree = "<group>"; };
		1458095424862CA400159CB8 /* stm32f2xx_hal_rcc.h */ = {isa = PBXFileReference; fileEncoding = 4; lastKnownFileType = sourcecode.c.h; name = stm32f2xx_hal_rcc.h; path = "../../../../../STM32CubeMX/SCSI2SD-V6/Drivers/STM32F2xx_HAL_Driver/Inc/stm32f2xx_hal_rcc.h"; sourceTree = "<group>"; };
		1458095524862CA400159CB8 /* stm32f2xx_hal_iwdg.h */ = {isa = PBXFileReference; fileEncoding = 4; lastKnownFileType = sourcecode.c.h; name = stm32f2xx_hal_iwdg.h; path = "../../../../../STM32CubeMX/SCSI2SD-V6/Drivers/STM32F2xx_HAL_Driver/Inc/stm32f2xx_hal_iwdg.h"; sourceTree = "<group>"; };
		1458095624862CA400159CB8 /* stm32f2xx_hal_pcd_ex.h */ = {isa = PBXFileReference; fileEncoding = 4; lastKnownFileType = sourcecode.c.h; name = stm32f2xx_hal_pcd_ex.h; path = "../../../../../STM32CubeMX/SCSI2SD-V6/Drivers/STM32F2xx_HAL_Driver/Inc/stm32f2xx_hal_pcd_ex.h"; sourceTree = "<group>"; };
		1458095724862CA400159CB8 /* stm32f2xx_hal_pcd.h */ = {isa = PBXFileReference; fileEncoding = 4; lastKnownFileType = sourcecode.c.h; name = stm32f2xx_hal_pcd.h; path = "../../../../../STM32CubeMX/SCSI2SD-V6/Drivers/STM32F2xx_HAL_Driver/Inc/stm32f2xx_hal_pcd.h"; sourceTree = "<group>"; };
		1458095824862CA400159CB8 /* stm32f2xx_hal_pwr.h */ = {isa = PBXFileReference; fileEncoding = 4; lastKnownFileType = sourcecode.c.h; name = stm32f2xx_hal_pwr.h; path = "../../../../../STM32CubeMX/SCSI2SD-V6/Drivers/STM32F2xx_HAL_Driver/Inc/stm32f2xx_hal_pwr.h"; sourceTree = "<group>"; };
		1458095924862CA400159CB8 /* stm32f2xx_hal_smartcard.h */ = {isa = PBXFileReference; fileEncoding = 4; lastKnownFileType = sourcecode.c.h; name = stm32f2xx_hal_smartcard.h; path = "../../../../../STM32CubeMX/SCSI2SD-V6/Drivers/STM32F2xx_HAL_Driver/Inc/stm32f2xx_hal_smartcard.h"; sourceTree = "<group>"; };
		1458095A24862CA500159CB8 /* stm32f2xx_hal_sram.h */ = {isa = PBXFileReference; fileEncoding = 4; lastKnownFileType = sourcecode.c.h; name = stm32f2xx_hal_sram.h; path = "../../../../../STM32CubeMX/SCSI2SD-V6/Drivers/STM32F2xx_HAL_Driver/Inc/stm32f2xx_hal_sram.h"; sourceTree = "<group>"; };
		1458095B24862CA500159CB8 /* stm32f2xx_hal_wwdg.h */ = {isa = PBXFileReference; fileEncoding = 4; lastKnownFileType = sourcecode.c.h; name = stm32f2xx_hal_wwdg.h; path = "../../../../../STM32CubeMX/SCSI2SD-V6/Drivers/STM32F2xx_HAL_Driver/Inc/stm32f2xx_hal_wwdg.h"; sourceTree = "<group>"; };
		1458095C24862CA500159CB8 /* stm32f2xx_hal_dma_ex.h */ = {isa = PBXFileReference; fileEncoding = 4; lastKnownFileType = sourcecode.c.h; name = stm32f2xx_hal_dma_ex.h; path = "../../../../../STM32CubeMX/SCSI2SD-V6/Drivers/STM32F2xx_HAL_Driver/Inc/stm32f2xx_hal_dma_ex.h"; sourceTree = "<group>"; };
		1458095D24862CA500159CB8 /* stm32f2xx_hal_rcc_ex.h */ = {isa = PBXFileReference; fileEncoding = 4; lastKnownFileType = sourcecode.c.h; name = stm32f2xx_hal_rcc_ex.h; path = "../../../../../STM32CubeMX/SCSI2SD-V6/Drivers/STM32F2xx_HAL_Driver/Inc/stm32f2xx_hal_rcc_ex.h"; sourceTree = "<group>"; };
		1458095E24862CA500159CB8 /* stm32f2xx_hal_pwr_ex.h */ = {isa = PBXFileReference; fileEncoding = 4; lastKnownFileType = sourcecode.c.h; name = stm32f2xx_hal_pwr_ex.h; path = "../../../../../STM32CubeMX/SCSI2SD-V6/Drivers/STM32F2xx_HAL_Driver/Inc/stm32f2xx_hal_pwr_ex.h"; sourceTree = "<group>"; };
		1458095F24862CA500159CB8 /* stm32f2xx_hal_gpio_ex.h */ = {isa = PBXFileReference; fileEncoding = 4; lastKnownFileType = sourcecode.c.h; name = stm32f2xx_hal_gpio_ex.h; path = "../../../../../STM32CubeMX/SCSI2SD-V6/Drivers/STM32F2xx_HAL_Driver/Inc/stm32f2xx_hal_gpio_ex.h"; sourceTree = "<group>"; };
		1458096024862CA500159CB8 /* stm32f2xx_hal_tim.h */ = {isa = PBXFileReference; fileEncoding = 4; lastKnownFileType = sourcecode.c.h; name = stm32f2xx_hal_tim.h; path = "../../../../../STM32CubeMX/SCSI2SD-V6/Drivers/STM32F2xx_HAL_Driver/Inc/stm32f2xx_hal_tim.h"; sourceTree = "<group>"; };
		1458096124862CA500159CB8 /* stm32f2xx_hal_rng.h */ = {isa = PBXFileReference; fileEncoding = 4; lastKnownFileType = sourcecode.c.h; name = stm32f2xx_hal_rng.h; path = "../../../../../STM32CubeMX/SCSI2SD-V6/Drivers/STM32F2xx_HAL_Driver/Inc/stm32f2xx_hal_rng.h"; sourceTree = "<group>"; };
		1458096224862CA500159CB8 /* stm32f2xx_hal_adc_ex.h */ = {isa = PBXFileReference; fileEncoding = 4; lastKnownFileType = sourcecode.c.h; name = stm32f2xx_hal_adc_ex.h; path = "../../../../../STM32CubeMX/SCSI2SD-V6/Drivers/STM32F2xx_HAL_Driver/Inc/stm32f2xx_hal_adc_ex.h"; sourceTree = "<group>"; };
		1458096324862CA500159CB8 /* stm32f2xx_hal_eth.h */ = {isa = PBXFileReference; fileEncoding = 4; lastKnownFileType = sourcecode.c.h; name = stm32f2xx_hal_eth.h; path = "../../../../../STM32CubeMX/SCSI2SD-V6/Drivers/STM32F2xx_HAL_Driver/Inc/stm32f2xx_hal_eth.h"; sourceTree = "<group>"; };
		1458096424862CA600159CB8 /* stm32f2xx_hal_i2c.h */ = {isa = PBXFileReference; fileEncoding = 4; lastKnownFileType = sourcecode.c.h; name = stm32f2xx_hal_i2c.h; path = "../../../../../STM32CubeMX/SCSI2SD-V6/Drivers/STM32F2xx_HAL_Driver/Inc/stm32f2xx_hal_i2c.h"; sourceTree = "<group>"; };
		1458096524862CA600159CB8 /* stm32f2xx_hal_nor.h */ = {isa = PBXFileReference; fileEncoding = 4; lastKnownFileType = sourcecode.c.h; name = stm32f2xx_hal_nor.h; path = "../../../../../STM32CubeMX/SCSI2SD-V6/Drivers/STM32F2xx_HAL_Driver/Inc/stm32f2xx_hal_nor.h"; sourceTree = "<group>"; };
		1458096624862CA600159CB8 /* stm32f2xx_hal_cryp.h */ = {isa = PBXFileReference; fileEncoding = 4; lastKnownFileType = sourcecode.c.h; name = stm32f2xx_hal_cryp.h; path = "../../../../../STM32CubeMX/SCSI2SD-V6/Drivers/STM32F2xx_HAL_Driver/Inc/stm32f2xx_hal_cryp.h"; sourceTree = "<group>"; };
		1458096724862CA600159CB8 /* stm32f2xx_hal_irda.h */ = {isa = PBXFileReference; fileEncoding = 4; lastKnownFileType = sourcecode.c.h; name = stm32f2xx_hal_irda.h; path = "../../../../../STM32CubeMX/SCSI2SD-V6/Drivers/STM32F2xx_HAL_Driver/Inc/stm32f2xx_hal_irda.h"; sourceTree = "<group>"; };
		1458096824862CA600159CB8 /* stm32f2xx_hal_can.h */ = {isa = PBXFileReference; fileEncoding = 4; lastKnownFileType = sourcecode.c.h; name = stm32f2xx_hal_can.h; path = "../../../../../STM32CubeMX/SCSI2SD-V6/Drivers/STM32F2xx_HAL_Driver/Inc/stm32f2xx_hal_can.h"; sourceTree = "<group>"; };
		1458096924862CA600159CB8 /* stm32f2xx_hal_adc.h */ = {isa = PBXFileReference; fileEncoding = 4; lastKnownFileType = sourcecode.c.h; name = stm32f2xx_hal_adc.h; path = "../../../../../STM32CubeMX/SCSI2SD-V6/Drivers/STM32F2xx_HAL_Driver/Inc/stm32f2xx_hal_adc.h"; sourceTree = "<group>"; };
		1458096A24862CA600159CB8 /* stm32f2xx_hal_rtc_ex.h */ = {isa = PBXFileReference; fileEncoding = 4; lastKnownFileType = sourcecode.c.h; name = stm32f2xx_hal_rtc_ex.h; path = "../../../../../STM32CubeMX/SCSI2SD-V6/Drivers/STM32F2xx_HAL_Driver/Inc/stm32f2xx_hal_rtc_ex.h"; sourceTree = "<group>"; };
		1458096B24862CA600159CB8 /* stm32f2xx_hal_tim_ex.h */ = {isa = PBXFileReference; fileEncoding = 4; lastKnownFileType = sourcecode.c.h; name = stm32f2xx_hal_tim_ex.h; path = "../../../../../STM32CubeMX/SCSI2SD-V6/Drivers/STM32F2xx_HAL_Driver/Inc/stm32f2xx_hal_tim_ex.h"; sourceTree = "<group>"; };
		1458096C24862CA600159CB8 /* stm32f2xx_hal_hcd.h */ = {isa = PBXFileReference; fileEncoding = 4; lastKnownFileType = sourcecode.c.h; name = stm32f2xx_hal_hcd.h; path = "../../../../../STM32CubeMX/SCSI2SD-V6/Drivers/STM32F2xx_HAL_Driver/Inc/stm32f2xx_hal_hcd.h"; sourceTree = "<group>"; };
		1458096D24862CA600159CB8 /* stm32f2xx_hal_rtc.h */ = {isa = PBXFileReference; fileEncoding = 4; lastKnownFileType = sourcecode.c.h; name = stm32f2xx_hal_rtc.h; path = "../../../../../STM32CubeMX/SCSI2SD-V6/Drivers/STM32F2xx_HAL_Driver/Inc/stm32f2xx_hal_rtc.h"; sourceTree = "<group>"; };
		1458096E24862CA600159CB8 /* stm32f2xx_ll_fsmc.h */ = {isa = PBXFileReference; fileEncoding = 4; lastKnownFileType = sourcecode.c.h; name = stm32f2xx_ll_fsmc.h; path = "../../../../../STM32CubeMX/SCSI2SD-V6/Drivers/STM32F2xx_HAL_Driver/Inc/stm32f2xx_ll_fsmc.h"; sourceTree = "<group>"; };
		1458096F24862CA700159CB8 /* stm32f2xx_hal_cortex.h */ = {isa = PBXFileReference; fileEncoding = 4; lastKnownFileType = sourcecode.c.h; name = stm32f2xx_hal_cortex.h; path = "../../../../../STM32CubeMX/SCSI2SD-V6/Drivers/STM32F2xx_HAL_Driver/Inc/stm32f2xx_hal_cortex.h"; sourceTree = "<group>"; };
		1458097024862CA700159CB8 /* stm32f2xx_ll_sdmmc.h */ = {isa = PBXFileReference; fileEncoding = 4; lastKnownFileType = sourcecode.c.h; name = stm32f2xx_ll_sdmmc.h; path = "../../../../../STM32CubeMX/SCSI2SD-V6/Drivers/STM32F2xx_HAL_Driver/Inc/stm32f2xx_ll_sdmmc.h"; sourceTree = "<group>"; };
		1458097124862CA700159CB8 /* stm32f2xx_hal_dac_ex.h */ = {isa = PBXFileReference; fileEncoding = 4; lastKnownFileType = sourcecode.c.h; name = stm32f2xx_hal_dac_ex.h; path = "../../../../../STM32CubeMX/SCSI2SD-V6/Drivers/STM32F2xx_HAL_Driver/Inc/stm32f2xx_hal_dac_ex.h"; sourceTree = "<group>"; };
		1458097224862CA700159CB8 /* stm32f2xx_hal_i2s.h */ = {isa = PBXFileReference; fileEncoding = 4; lastKnownFileType = sourcecode.c.h; name = stm32f2xx_hal_i2s.h; path = "../../../../../STM32CubeMX/SCSI2SD-V6/Drivers/STM32F2xx_HAL_Driver/Inc/stm32f2xx_hal_i2s.h"; sourceTree = "<group>"; };
		1458097324862CA700159CB8 /* stm32f2xx_hal_spi.h */ = {isa = PBXFileReference; fileEncoding = 4; lastKnownFileType = sourcecode.c.h; name = stm32f2xx_hal_spi.h; path = "../../../../../STM32CubeMX/SCSI2SD-V6/Drivers/STM32F2xx_HAL_Driver/Inc/stm32f2xx_hal_spi.h"; sourceTree = "<group>"; };
		1458097424862CA700159CB8 /* stm32f2xx_hal_sd.h */ = {isa = PBXFileReference; fileEncoding = 4; lastKnownFileType = sourcecode.c.h; name = stm32f2xx_hal_sd.h; path = "../../../../../STM32CubeMX/SCSI2SD-V6/Drivers/STM32F2xx_HAL_Driver/Inc/stm32f2xx_hal_sd.h"; sourceTree = "<group>"; };
		1458097524862CA700159CB8 /* stm32f2xx_hal_flash_ex.h */ = {isa = PBXFileReference; fileEncoding = 4; lastKnownFileType = sourcecode.c.h; name = stm32f2xx_hal_flash_ex.h; path = "../../../../../STM32CubeMX/SCSI2SD-V6/Drivers/STM32F2xx_HAL_Driver/Inc/stm32f2xx_hal_flash_ex.h"; sourceTree = "<group>"; };
		1458097624862CA700159CB8 /* stm32f2xx_hal_dcmi.h */ = {isa = PBXFileReference; fileEncoding = 4; lastKnownFileType = sourcecode.c.h; name = stm32f2xx_hal_dcmi.h; path = "../../../../../STM32CubeMX/SCSI2SD-V6/Drivers/STM32F2xx_HAL_Driver/Inc/stm32f2xx_hal_dcmi.h"; sourceTree = "<group>"; };
		1458097724862CA700159CB8 /* stm32f2xx_ll_usb.h */ = {isa = PBXFileReference; fileEncoding = 4; lastKnownFileType = sourcecode.c.h; name = stm32f2xx_ll_usb.h; path = "../../../../../STM32CubeMX/SCSI2SD-V6/Drivers/STM32F2xx_HAL_Driver/Inc/stm32f2xx_ll_usb.h"; sourceTree = "<group>"; };
		1458097824862CA700159CB8 /* stm32f2xx_hal_pccard.h */ = {isa = PBXFileReference; fileEncoding = 4; lastKnownFileType = sourcecode.c.h; name = stm32f2xx_hal_pccard.h; path = "../../../../../STM32CubeMX/SCSI2SD-V6/Drivers/STM32F2xx_HAL_Driver/Inc/stm32f2xx_hal_pccard.h"; sourceTree = "<group>"; };
		1458097924862CA700159CB8 /* stm32f2xx_hal_usart.h */ = {isa = PBXFileReference; fileEncoding = 4; lastKnownFileType = sourcecode.c.h; name = stm32f2xx_hal_usart.h; path = "../../../../../STM32CubeMX/SCSI2SD-V6/Drivers/STM32F2xx_HAL_Driver/Inc/stm32f2xx_hal_usart.h"; sourceTree = "<group>"; };
		1458097A24862CA800159CB8 /* stm32f2xx_hal_dma.h */ = {isa = PBXFileReference; fileEncoding = 4; lastKnownFileType = sourcecode.c.h; name = stm32f2xx_hal_dma.h; path = "../../../../../STM32CubeMX/SCSI2SD-V6/Drivers/STM32F2xx_HAL_Driver/Inc/stm32f2xx_hal_dma.h"; sourceTree = "<group>"; };
		1458097B24862CA800159CB8 /* stm32f2xx_hal_hash.h */ = {isa = PBXFileReference; fileEncoding = 4; lastKnownFileType = sourcecode.c.h; name = stm32f2xx_hal_hash.h; path = "../../../../../STM32CubeMX/SCSI2SD-V6/Drivers/STM32F2xx_HAL_Driver/Inc/stm32f2xx_hal_hash.h"; sourceTree = "<group>"; };
		1458097C24862CA800159CB8 /* stm32f2xx_hal_crc.h */ = {isa = PBXFileReference; fileEncoding = 4; lastKnownFileType = sourcecode.c.h; name = stm32f2xx_hal_crc.h; path = "../../../../../STM32CubeMX/SCSI2SD-V6/Drivers/STM32F2xx_HAL_Driver/Inc/stm32f2xx_hal_crc.h"; sourceTree = "<group>"; };
		1458097D24862CA800159CB8 /* stm32f2xx_hal_nand.h */ = {isa = PBXFileReference; fileEncoding = 4; lastKnownFileType = sourcecode.c.h; name = stm32f2xx_hal_nand.h; path = "../../../../../STM32CubeMX/SCSI2SD-V6/Drivers/STM32F2xx_HAL_Driver/Inc/stm32f2xx_hal_nand.h"; sourceTree = "<group>"; };
		1458097E24862CA800159CB8 /* stm32f2xx_hal_uart.h */ = {isa = PBXFileReference; fileEncoding = 4; lastKnownFileType = sourcecode.c.h; name = stm32f2xx_hal_uart.h; path = "../../../../../STM32CubeMX/SCSI2SD-V6/Drivers/STM32F2xx_HAL_Driver/Inc/stm32f2xx_hal_uart.h"; sourceTree = "<group>"; };
		1458097F2486F90C00159CB8 /* stm32f2xx_hal_flash_ex.c */ = {isa = PBXFileReference; fileEncoding = 4; lastKnownFileType = sourcecode.c.c; name = stm32f2xx_hal_flash_ex.c; path = "../../../../../STM32CubeMX/SCSI2SD-V6/Drivers/STM32F2xx_HAL_Driver/Src/stm32f2xx_hal_flash_ex.c"; sourceTree = "<group>"; };
		145809812486F96600159CB8 /* stm32f2xx_hal_cortex.c */ = {isa = PBXFileReference; fileEncoding = 4; lastKnownFileType = sourcecode.c.c; name = stm32f2xx_hal_cortex.c; path = "../../../../../STM32CubeMX/SCSI2SD-V6/Drivers/STM32F2xx_HAL_Driver/Src/stm32f2xx_hal_cortex.c"; sourceTree = "<group>"; };
		145809832486FA0F00159CB8 /* stm32f2xx_hal_rcc.c */ = {isa = PBXFileReference; fileEncoding = 4; lastKnownFileType = sourcecode.c.c; name = stm32f2xx_hal_rcc.c; path = "../../../../../STM32CubeMX/SCSI2SD-V6/Drivers/STM32F2xx_HAL_Driver/Src/stm32f2xx_hal_rcc.c"; sourceTree = "<group>"; };
		1458098624871D8600159CB8 /* time.h */ = {isa = PBXFileReference; fileEncoding = 4; lastKnownFileType = sourcecode.c.h; name = time.h; path = ../../../../../src/firmware/time.h; sourceTree = "<group>"; };
		1458098724871D8700159CB8 /* time.c */ = {isa = PBXFileReference; fileEncoding = 4; lastKnownFileType = sourcecode.c.c; name = time.c; path = ../../../../../src/firmware/time.c; sourceTree = "<group>"; };
		1458098924871E1F00159CB8 /* system_stm32f2xx.c */ = {isa = PBXFileReference; fileEncoding = 4; lastKnownFileType = sourcecode.c.c; name = system_stm32f2xx.c; path = "../../../../../STM32CubeMX/SCSI2SD-V6/Drivers/CMSIS/Device/ST/STM32F2xx/Source/Templates/system_stm32f2xx.c"; sourceTree = "<group>"; };
		14580A67248845C900159CB8 /* dfu_file.h */ = {isa = PBXFileReference; fileEncoding = 4; lastKnownFileType = sourcecode.c.h; name = dfu_file.h; path = "../../../../../src/scsi2sd-util6/dfu-util/src/dfu_file.h"; sourceTree = "<group>"; };
		14580A68248845C900159CB8 /* dfu_util.h */ = {isa = PBXFileReference; fileEncoding = 4; lastKnownFileType = sourcecode.c.h; name = dfu_util.h; path = "../../../../../src/scsi2sd-util6/dfu-util/src/dfu_util.h"; sourceTree = "<group>"; };
		14580A69248845C900159CB8 /* dfu_file.c */ = {isa = PBXFileReference; fileEncoding = 4; lastKnownFileType = sourcecode.c.c; name = dfu_file.c; path = "../../../../../src/scsi2sd-util6/dfu-util/src/dfu_file.c"; sourceTree = "<group>"; };
		14580A6A248845C900159CB8 /* dfu_load.h */ = {isa = PBXFileReference; fileEncoding = 4; lastKnownFileType = sourcecode.c.h; name = dfu_load.h; path = "../../../../../src/scsi2sd-util6/dfu-util/src/dfu_load.h"; sourceTree = "<group>"; };
		14580A6B248845C900159CB8 /* usb_dfu.h */ = {isa = PBXFileReference; fileEncoding = 4; lastKnownFileType = sourcecode.c.h; name = usb_dfu.h; path = "../../../../../src/scsi2sd-util6/dfu-util/src/usb_dfu.h"; sourceTree = "<group>"; };
		14580A6C248845C900159CB8 /* quirks.h */ = {isa = PBXFileReference; fileEncoding = 4; lastKnownFileType = sourcecode.c.h; name = quirks.h; path = "../../../../../src/scsi2sd-util6/dfu-util/src/quirks.h"; sourceTree = "<group>"; };
		14580A6D248845C900159CB8 /* portable.h */ = {isa = PBXFileReference; fileEncoding = 4; lastKnownFileType = sourcecode.c.h; name = portable.h; path = "../../../../../src/scsi2sd-util6/dfu-util/src/portable.h"; sourceTree = "<group>"; };
		14580A6E248845C900159CB8 /* dfu.h */ = {isa = PBXFileReference; fileEncoding = 4; lastKnownFileType = sourcecode.c.h; name = dfu.h; path = "../../../../../src/scsi2sd-util6/dfu-util/src/dfu.h"; sourceTree = "<group>"; };
		14580A6F248845C900159CB8 /* quirks.c */ = {isa = PBXFileReference; fileEncoding = 4; lastKnownFileType = sourcecode.c.c; name = quirks.c; path = "../../../../../src/scsi2sd-util6/dfu-util/src/quirks.c"; sourceTree = "<group>"; };
		14580A70248845C900159CB8 /* dfuse.h */ = {isa = PBXFileReference; fileEncoding = 4; lastKnownFileType = sourcecode.c.h; name = dfuse.h; path = "../../../../../src/scsi2sd-util6/dfu-util/src/dfuse.h"; sourceTree = "<group>"; };
		14580A71248845C900159CB8 /* dfu_util.c */ = {isa = PBXFileReference; fileEncoding = 4; lastKnownFileType = sourcecode.c.c; name = dfu_util.c; path = "../../../../../src/scsi2sd-util6/dfu-util/src/dfu_util.c"; sourceTree = "<group>"; };
		14580A72248845CA00159CB8 /* dfuse_mem.h */ = {isa = PBXFileReference; fileEncoding = 4; lastKnownFileType = sourcecode.c.h; name = dfuse_mem.h; path = "../../../../../src/scsi2sd-util6/dfu-util/src/dfuse_mem.h"; sourceTree = "<group>"; };
		14580A73248845CA00159CB8 /* dfu.c */ = {isa = PBXFileReference; fileEncoding = 4; lastKnownFileType = sourcecode.c.c; name = dfu.c; path = "../../../../../src/scsi2sd-util6/dfu-util/src/dfu.c"; sourceTree = "<group>"; };
		14580A74248845CA00159CB8 /* dfuse_mem.c */ = {isa = PBXFileReference; fileEncoding = 4; lastKnownFileType = sourcecode.c.c; name = dfuse_mem.c; path = "../../../../../src/scsi2sd-util6/dfu-util/src/dfuse_mem.c"; sourceTree = "<group>"; };
		14580A75248845CA00159CB8 /* dfuse.c */ = {isa = PBXFileReference; fileEncoding = 4; lastKnownFileType = sourcecode.c.c; name = dfuse.c; path = "../../../../../src/scsi2sd-util6/dfu-util/src/dfuse.c"; sourceTree = "<group>"; };
		14580A76248845CA00159CB8 /* lib_main.c */ = {isa = PBXFileReference; fileEncoding = 4; lastKnownFileType = sourcecode.c.c; name = lib_main.c; path = "../../../../../src/scsi2sd-util6/dfu-util/src/lib_main.c"; sourceTree = "<group>"; };
		14580A79248845CA00159CB8 /* dfu_load.c */ = {isa = PBXFileReference; fileEncoding = 4; lastKnownFileType = sourcecode.c.c; name = dfu_load.c; path = "../../../../../src/scsi2sd-util6/dfu-util/src/dfu_load.c"; sourceTree = "<group>"; };
		14580A8E248859C400159CB8 /* config.h */ = {isa = PBXFileReference; lastKnownFileType = sourcecode.c.h; name = config.h; path = "../../../../../src/scsi2sd-util6/dfu-util/config.h"; sourceTree = "<group>"; };
		146A539023BBEB800000A06B /* ConfigObject.hh */ = {isa = PBXFileReference; lastKnownFileType = sourcecode.cpp.h; path = ConfigObject.hh; sourceTree = "<group>"; };
		146A539123BBEB800000A06B /* ConfigObject.mm */ = {isa = PBXFileReference; lastKnownFileType = sourcecode.cpp.objcpp; path = ConfigObject.mm; sourceTree = "<group>"; };
		1474BFEB2399677E003C67D5 /* cybtldr_api.h */ = {isa = PBXFileReference; fileEncoding = 4; lastKnownFileType = sourcecode.c.h; path = cybtldr_api.h; sourceTree = "<group>"; };
		1474BFEC2399677E003C67D5 /* cybtldr_api2.h */ = {isa = PBXFileReference; fileEncoding = 4; lastKnownFileType = sourcecode.c.h; path = cybtldr_api2.h; sourceTree = "<group>"; };
		1474BFED2399677E003C67D5 /* cybtldr_parse.h */ = {isa = PBXFileReference; fileEncoding = 4; lastKnownFileType = sourcecode.c.h; path = cybtldr_parse.h; sourceTree = "<group>"; };
		1474BFEE2399677E003C67D5 /* cybtldr_command.h */ = {isa = PBXFileReference; fileEncoding = 4; lastKnownFileType = sourcecode.c.h; path = cybtldr_command.h; sourceTree = "<group>"; };
		1474BFEF2399677E003C67D5 /* cybtldr_utils.h */ = {isa = PBXFileReference; fileEncoding = 4; lastKnownFileType = sourcecode.c.h; path = cybtldr_utils.h; sourceTree = "<group>"; };
		1474BFFB2399677E003C67D5 /* Firmware.hh */ = {isa = PBXFileReference; fileEncoding = 4; lastKnownFileType = sourcecode.cpp.h; path = Firmware.hh; sourceTree = "<group>"; };
		1474C0F723996A15003C67D5 /* SCSI2SD_Bootloader.hh */ = {isa = PBXFileReference; fileEncoding = 4; lastKnownFileType = sourcecode.cpp.h; path = SCSI2SD_Bootloader.hh; sourceTree = "<group>"; };
		1482B1E423973F3E001BA513 /* SCSI2SD-util-v6.app */ = {isa = PBXFileReference; explicitFileType = wrapper.application; includeInIndex = 0; path = "SCSI2SD-util-v6.app"; sourceTree = BUILT_PRODUCTS_DIR; };
		1482B1E723973F3E001BA513 /* AppDelegate.hh */ = {isa = PBXFileReference; lastKnownFileType = sourcecode.cpp.h; path = AppDelegate.hh; sourceTree = "<group>"; };
		1482B1E823973F3E001BA513 /* AppDelegate.mm */ = {isa = PBXFileReference; lastKnownFileType = sourcecode.cpp.objcpp; path = AppDelegate.mm; sourceTree = "<group>"; };
		1482B1EA23973F42001BA513 /* Assets.xcassets */ = {isa = PBXFileReference; lastKnownFileType = folder.assetcatalog; path = Assets.xcassets; sourceTree = "<group>"; };
		1482B1EF23973F42001BA513 /* Info.plist */ = {isa = PBXFileReference; lastKnownFileType = text.plist.xml; path = Info.plist; sourceTree = "<group>"; };
		1482B1F023973F42001BA513 /* main.m */ = {isa = PBXFileReference; lastKnownFileType = sourcecode.c.objc; path = main.m; sourceTree = "<group>"; };
		1482B1F9239748DB001BA513 /* SettingsController.hh */ = {isa = PBXFileReference; fileEncoding = 4; lastKnownFileType = sourcecode.cpp.h; path = SettingsController.hh; sourceTree = "<group>"; };
		1482B1FA239748DB001BA513 /* DeviceController.hh */ = {isa = PBXFileReference; fileEncoding = 4; lastKnownFileType = sourcecode.cpp.h; path = DeviceController.hh; sourceTree = "<group>"; };
		1482B203239748DB001BA513 /* DeviceController.mm */ = {isa = PBXFileReference; fileEncoding = 4; lastKnownFileType = sourcecode.cpp.objcpp; path = DeviceController.mm; sourceTree = "<group>"; };
		1482B204239748DB001BA513 /* SettingsController.mm */ = {isa = PBXFileReference; fileEncoding = 4; lastKnownFileType = sourcecode.cpp.objcpp; path = SettingsController.mm; sourceTree = "<group>"; };
		14AF8335243A1B220046D0DF /* Dfu.hh */ = {isa = PBXFileReference; fileEncoding = 4; lastKnownFileType = sourcecode.cpp.h; name = Dfu.hh; path = "../../../../src/scsi2sd-util6/Dfu.hh"; sourceTree = "<group>"; };
		14AF8336243A1B220046D0DF /* Dfu.cc */ = {isa = PBXFileReference; fileEncoding = 4; lastKnownFileType = sourcecode.cpp.cpp; name = Dfu.cc; path = "../../../../src/scsi2sd-util6/Dfu.cc"; sourceTree = "<group>"; };
		14B79B0D244A315E00C3FC92 /* libusb-1.0.a */ = {isa = PBXFileReference; lastKnownFileType = archive.ar; name = "libusb-1.0.a"; path = "../../src/scsi2sd-util6/libusb-1.0.23/libusb/libs/libusb-1.0.a"; sourceTree = "<group>"; };
		14B8ABFA249C175000DD2E88 /* SCSI2SD-V6-util-512.png */ = {isa = PBXFileReference; lastKnownFileType = image.png; path = "SCSI2SD-V6-util-512.png"; sourceTree = "<group>"; };
		14C271A1242637B7003AA991 /* hidapi.h */ = {isa = PBXFileReference; fileEncoding = 4; lastKnownFileType = sourcecode.c.h; name = hidapi.h; path = "../../../../src/scsi2sd-util6/hidapi/hidapi/hidapi.h"; sourceTree = "<group>"; };
		14C271A2242637F6003AA991 /* hid.c */ = {isa = PBXFileReference; fileEncoding = 4; lastKnownFileType = sourcecode.c.c; name = hid.c; path = "../../../../src/scsi2sd-util6/hidapi/mac/hid.c"; sourceTree = "<group>"; };
		14C271A424265240003AA991 /* scsi2sd.h */ = {isa = PBXFileReference; fileEncoding = 4; lastKnownFileType = sourcecode.c.h; name = scsi2sd.h; path = ../../../../include/scsi2sd.h; sourceTree = "<group>"; };
		14C54CAD244B5B710086316F /* Base */ = {isa = PBXFileReference; lastKnownFileType = file.xib; name = Base; path = Base.lproj/MainMenu.xib; sourceTree = "<group>"; };
		14C54CAE244B9D9F0086316F /* hidpacket.c */ = {isa = PBXFileReference; fileEncoding = 4; lastKnownFileType = sourcecode.c.c; name = hidpacket.c; path = ../../../../src/firmware/hidpacket.c; sourceTree = "<group>"; };
		14C54CB1244BBC590086316F /* dfu-util */ = {isa = PBXFileReference; lastKnownFileType = "compiled.mach-o.executable"; path = "dfu-util"; sourceTree = "<group>"; };
		14C63FE7244A339500848412 /* libusb-1.0.0.dylib */ = {isa = PBXFileReference; lastKnownFileType = "compiled.mach-o.dylib"; name = "libusb-1.0.0.dylib"; path = "../../../../src/scsi2sd-util6/libusb-1.0.23/libusb/libs/libusb-1.0.0.dylib"; sourceTree = "<group>"; };
		14CF47CF248EFFD900D2B6AF /* SCSI2SD-util-v6.entitlements */ = {isa = PBXFileReference; fileEncoding = 4; lastKnownFileType = text.plist.entitlements; path = "SCSI2SD-util-v6.entitlements"; sourceTree = "<group>"; };
		14D96BCC23C935320008E7B3 /* scsi2sd-util-v6-cli */ = {isa = PBXFileReference; explicitFileType = "compiled.mach-o.executable"; includeInIndex = 0; path = "scsi2sd-util-v6-cli"; sourceTree = BUILT_PRODUCTS_DIR; };
		14D96BCE23C935330008E7B3 /* main.mm */ = {isa = PBXFileReference; lastKnownFileType = sourcecode.cpp.objcpp; path = main.mm; sourceTree = "<group>"; };
		14DEC5E6239F456800ECD04A /* Functions.mm */ = {isa = PBXFileReference; lastKnownFileType = sourcecode.cpp.objcpp; path = Functions.mm; sourceTree = "<group>"; };
		14DEC5E7239F456800ECD04A /* Functions.hh */ = {isa = PBXFileReference; lastKnownFileType = sourcecode.cpp.h; path = Functions.hh; sourceTree = "<group>"; };
		14DEC5ED23A4C76000ECD04A /* NSString+Extensions.h */ = {isa = PBXFileReference; lastKnownFileType = sourcecode.c.h; path = "NSString+Extensions.h"; sourceTree = "<group>"; };
		14DEC5EE23A4C76000ECD04A /* NSString+Extensions.m */ = {isa = PBXFileReference; lastKnownFileType = sourcecode.c.objc; path = "NSString+Extensions.m"; sourceTree = "<group>"; };
		14F2F96323C94A4400169DD2 /* SCSI2SDTask.hh */ = {isa = PBXFileReference; lastKnownFileType = sourcecode.cpp.h; path = SCSI2SDTask.hh; sourceTree = "<group>"; };
		14F2F96423C94A4400169DD2 /* SCSI2SDTask.mm */ = {isa = PBXFileReference; lastKnownFileType = sourcecode.cpp.objcpp; path = SCSI2SDTask.mm; sourceTree = "<group>"; };
		14F2F96E23CA2E8B00169DD2 /* scsi2sd-util-cli.entitlements */ = {isa = PBXFileReference; lastKnownFileType = text.plist.entitlements; path = "scsi2sd-util-cli.entitlements"; sourceTree = "<group>"; };
		26451B5FE5FE6B8B9C117D01 /* libPods-SCSI2SD-util-v6.a */ = {isa = PBXFileReference; explicitFileType = archive.ar; includeInIndex = 0; path = "libPods-SCSI2SD-util-v6.a"; sourceTree = BUILT_PRODUCTS_DIR; };
		39658F20DC40CB44AAC9F0FB /* Pods-SCSI2SD-util-v6.debug.xcconfig */ = {isa = PBXFileReference; includeInIndex = 1; lastKnownFileType = text.xcconfig; name = "Pods-SCSI2SD-util-v6.debug.xcconfig"; path = "Target Support Files/Pods-SCSI2SD-util-v6/Pods-SCSI2SD-util-v6.debug.xcconfig"; sourceTree = "<group>"; };
		792CF6FB662A5C9164598673 /* Pods-SCSI2SD-util-v6.release.xcconfig */ = {isa = PBXFileReference; includeInIndex = 1; lastKnownFileType = text.xcconfig; name = "Pods-SCSI2SD-util-v6.release.xcconfig"; path = "Target Support Files/Pods-SCSI2SD-util-v6/Pods-SCSI2SD-util-v6.release.xcconfig"; sourceTree = "<group>"; };
		80B2DBC239F277A6AFA807C1 /* Pods-SCSI2SD-util.debug.xcconfig */ = {isa = PBXFileReference; includeInIndex = 1; lastKnownFileType = text.xcconfig; name = "Pods-SCSI2SD-util.debug.xcconfig"; path = "Target Support Files/Pods-SCSI2SD-util/Pods-SCSI2SD-util.debug.xcconfig"; sourceTree = "<group>"; };
		C34401CBF433454F6C107C26 /* Pods-SCSI2SD-util.release.xcconfig */ = {isa = PBXFileReference; includeInIndex = 1; lastKnownFileType = text.xcconfig; name = "Pods-SCSI2SD-util.release.xcconfig"; path = "Target Support Files/Pods-SCSI2SD-util/Pods-SCSI2SD-util.release.xcconfig"; sourceTree = "<group>"; };
		FD4F7093A175B9A00AB5ACC0 /* Pods-SCSI2SD-util.release.xcconfig */ = {isa = PBXFileReference; includeInIndex = 1; lastKnownFileType = text.xcconfig; name = "Pods-SCSI2SD-util.release.xcconfig"; path = "Pods/Target Support Files/Pods-SCSI2SD-util/Pods-SCSI2SD-util.release.xcconfig"; sourceTree = "<group>"; };
/* End PBXFileReference section */

/* Begin PBXFrameworksBuildPhase section */
		1482B1E123973F3E001BA513 /* Frameworks */ = {
			isa = PBXFrameworksBuildPhase;
			buildActionMask = 2147483647;
			files = (
				14C54CAB244A341B0086316F /* libusb-1.0.a in Frameworks */,
				DD7DCB0BEFAC1D7A075B511E /* libPods-SCSI2SD-util-v6.a in Frameworks */,
			);
			runOnlyForDeploymentPostprocessing = 0;
		};
		14D96BC923C935320008E7B3 /* Frameworks */ = {
			isa = PBXFrameworksBuildPhase;
			buildActionMask = 2147483647;
			files = (
				141C5F70247EC92600CB8719 /* libusb-1.0.a in Frameworks */,
			);
			runOnlyForDeploymentPostprocessing = 0;
		};
/* End PBXFrameworksBuildPhase section */

/* Begin PBXGroup section */
		1458094B24861CEF00159CB8 /* Driver */ = {
			isa = PBXGroup;
			children = (
				1458098924871E1F00159CB8 /* system_stm32f2xx.c */,
				145809832486FA0F00159CB8 /* stm32f2xx_hal_rcc.c */,
				145809812486F96600159CB8 /* stm32f2xx_hal_cortex.c */,
				1458097F2486F90C00159CB8 /* stm32f2xx_hal_flash_ex.c */,
				1458096224862CA500159CB8 /* stm32f2xx_hal_adc_ex.h */,
				1458096924862CA600159CB8 /* stm32f2xx_hal_adc.h */,
				1458096824862CA600159CB8 /* stm32f2xx_hal_can.h */,
				1458096F24862CA700159CB8 /* stm32f2xx_hal_cortex.h */,
				1458097C24862CA800159CB8 /* stm32f2xx_hal_crc.h */,
				1458096624862CA600159CB8 /* stm32f2xx_hal_cryp.h */,
				1458097124862CA700159CB8 /* stm32f2xx_hal_dac_ex.h */,
				1458095324862CA400159CB8 /* stm32f2xx_hal_dac.h */,
				1458097624862CA700159CB8 /* stm32f2xx_hal_dcmi.h */,
				1458095C24862CA500159CB8 /* stm32f2xx_hal_dma_ex.h */,
				1458097A24862CA800159CB8 /* stm32f2xx_hal_dma.h */,
				1458096324862CA500159CB8 /* stm32f2xx_hal_eth.h */,
				1458097524862CA700159CB8 /* stm32f2xx_hal_flash_ex.h */,
				1458095F24862CA500159CB8 /* stm32f2xx_hal_gpio_ex.h */,
				1458097B24862CA800159CB8 /* stm32f2xx_hal_hash.h */,
				1458096C24862CA600159CB8 /* stm32f2xx_hal_hcd.h */,
				1458096424862CA600159CB8 /* stm32f2xx_hal_i2c.h */,
				1458097224862CA700159CB8 /* stm32f2xx_hal_i2s.h */,
				1458096724862CA600159CB8 /* stm32f2xx_hal_irda.h */,
				1458095524862CA400159CB8 /* stm32f2xx_hal_iwdg.h */,
				1458097D24862CA800159CB8 /* stm32f2xx_hal_nand.h */,
				1458096524862CA600159CB8 /* stm32f2xx_hal_nor.h */,
				1458097824862CA700159CB8 /* stm32f2xx_hal_pccard.h */,
				1458095624862CA400159CB8 /* stm32f2xx_hal_pcd_ex.h */,
				1458095724862CA400159CB8 /* stm32f2xx_hal_pcd.h */,
				1458095E24862CA500159CB8 /* stm32f2xx_hal_pwr_ex.h */,
				1458095824862CA400159CB8 /* stm32f2xx_hal_pwr.h */,
				1458095D24862CA500159CB8 /* stm32f2xx_hal_rcc_ex.h */,
				1458095424862CA400159CB8 /* stm32f2xx_hal_rcc.h */,
				1458096124862CA500159CB8 /* stm32f2xx_hal_rng.h */,
				1458096A24862CA600159CB8 /* stm32f2xx_hal_rtc_ex.h */,
				1458096D24862CA600159CB8 /* stm32f2xx_hal_rtc.h */,
				1458097424862CA700159CB8 /* stm32f2xx_hal_sd.h */,
				1458095924862CA400159CB8 /* stm32f2xx_hal_smartcard.h */,
				1458097324862CA700159CB8 /* stm32f2xx_hal_spi.h */,
				1458095A24862CA500159CB8 /* stm32f2xx_hal_sram.h */,
				1458096B24862CA600159CB8 /* stm32f2xx_hal_tim_ex.h */,
				1458096024862CA500159CB8 /* stm32f2xx_hal_tim.h */,
				1458097E24862CA800159CB8 /* stm32f2xx_hal_uart.h */,
				1458097924862CA700159CB8 /* stm32f2xx_hal_usart.h */,
				1458095B24862CA500159CB8 /* stm32f2xx_hal_wwdg.h */,
				1458096E24862CA600159CB8 /* stm32f2xx_ll_fsmc.h */,
				1458097024862CA700159CB8 /* stm32f2xx_ll_sdmmc.h */,
				1458097724862CA700159CB8 /* stm32f2xx_ll_usb.h */,
				1458095024862B6C00159CB8 /* stm32f205xx.h */,
				1458095124862B6C00159CB8 /* stm32f207xx.h */,
				1458094F24862B6C00159CB8 /* stm32f215xx.h */,
				1458094E24862B6C00159CB8 /* stm32f217xx.h */,
				1458095224862B6C00159CB8 /* system_stm32f2xx.h */,
				1458094D24862B2A00159CB8 /* stm32_hal_legacy.h */,
				1458094C24862A4F00159CB8 /* stm32f2xx_hal_conf_template.h */,
				1458094A24861CC700159CB8 /* stm32f2xx_hal.h */,
				1458093F2485EDCC00159CB8 /* mxconstants.h */,
				1458093C24849DBA00159CB8 /* core_cmFunc.h */,
				1458093B24849D9A00159CB8 /* core_cmInstr.h */,
				1458093A24849D6E00159CB8 /* core_cm3.h */,
				1458093924844F9300159CB8 /* stm32f2xx.h */,
				145809422486021E00159CB8 /* stm32f2xx_hal_flash.c */,
				145809402485EE7F00159CB8 /* stm32f2xx_hal_flash.h */,
				145809412486021E00159CB8 /* stm32f2xx_hal_gpio.c */,
				1458093E2485ED3D00159CB8 /* stm32f2xx_hal_gpio.h */,
				1458093D2485C60200159CB8 /* stm32f2xx_hal_def.h */,
				145809472486025300159CB8 /* stm32f2xx_hal.c */,
			);
			path = Driver;
			sourceTree = "<group>";
		};
		1458098524871D6400159CB8 /* Firmware */ = {
			isa = PBXGroup;
			children = (
				1458098724871D8700159CB8 /* time.c */,
				1458098624871D8600159CB8 /* time.h */,
			);
			path = Firmware;
			sourceTree = "<group>";
		};
		14580A662488455200159CB8 /* DFU */ = {
			isa = PBXGroup;
			children = (
				14580A8E248859C400159CB8 /* config.h */,
				14580A69248845C900159CB8 /* dfu_file.c */,
				14580A67248845C900159CB8 /* dfu_file.h */,
				14580A79248845CA00159CB8 /* dfu_load.c */,
				14580A6A248845C900159CB8 /* dfu_load.h */,
				14580A71248845C900159CB8 /* dfu_util.c */,
				14580A68248845C900159CB8 /* dfu_util.h */,
				14580A73248845CA00159CB8 /* dfu.c */,
				14580A6E248845C900159CB8 /* dfu.h */,
				14580A74248845CA00159CB8 /* dfuse_mem.c */,
				14580A72248845CA00159CB8 /* dfuse_mem.h */,
				14580A75248845CA00159CB8 /* dfuse.c */,
				14580A70248845C900159CB8 /* dfuse.h */,
				14580A76248845CA00159CB8 /* lib_main.c */,
				14580A6D248845C900159CB8 /* portable.h */,
				14580A6F248845C900159CB8 /* quirks.c */,
				14580A6C248845C900159CB8 /* quirks.h */,
				14580A6B248845C900159CB8 /* usb_dfu.h */,
			);
			path = DFU;
			sourceTree = "<group>";
		};
		146A538F23BBEB5B0000A06B /* Classes */ = {
			isa = PBXGroup;
			children = (
				146A539023BBEB800000A06B /* ConfigObject.hh */,
				146A539123BBEB800000A06B /* ConfigObject.mm */,
			);
			path = Classes;
			sourceTree = "<group>";
		};
		1474BFE223996564003C67D5 /* libs */ = {
			isa = PBXGroup;
			children = (
				1474BFE32399677E003C67D5 /* include */,
				1474C0952399677F003C67D5 /* lib */,
			);
			path = libs;
			sourceTree = "<group>";
		};
		1474BFE32399677E003C67D5 /* include */ = {
			isa = PBXGroup;
			children = (
				1474BFE42399677E003C67D5 /* include */,
				1474BFE72399677E003C67D5 /* scsi2sd-util */,
			);
			path = include;
			sourceTree = "<group>";
		};
		1474BFE42399677E003C67D5 /* include */ = {
			isa = PBXGroup;
			children = (
			);
			path = include;
			sourceTree = "<group>";
		};
		1474BFE72399677E003C67D5 /* scsi2sd-util */ = {
			isa = PBXGroup;
			children = (
				1474BFEA2399677E003C67D5 /* cybootloaderutils */,
				1474C0F723996A15003C67D5 /* SCSI2SD_Bootloader.hh */,
				1474BFFB2399677E003C67D5 /* Firmware.hh */,
			);
			path = "scsi2sd-util";
			sourceTree = "<group>";
		};
		1474BFEA2399677E003C67D5 /* cybootloaderutils */ = {
			isa = PBXGroup;
			children = (
				1474BFEB2399677E003C67D5 /* cybtldr_api.h */,
				1474BFEC2399677E003C67D5 /* cybtldr_api2.h */,
				1474BFED2399677E003C67D5 /* cybtldr_parse.h */,
				1474BFEE2399677E003C67D5 /* cybtldr_command.h */,
				1474BFEF2399677E003C67D5 /* cybtldr_utils.h */,
			);
			path = cybootloaderutils;
			sourceTree = "<group>";
		};
		1474C0952399677F003C67D5 /* lib */ = {
			isa = PBXGroup;
			children = (
				14C63FE7244A339500848412 /* libusb-1.0.0.dylib */,
			);
			path = lib;
			sourceTree = "<group>";
		};
		1474C0FB23998F0D003C67D5 /* CPPModules */ = {
			isa = PBXGroup;
			children = (
				14580A662488455200159CB8 /* DFU */,
				1458098524871D6400159CB8 /* Firmware */,
				1458094B24861CEF00159CB8 /* Driver */,
				141C5F7A2480D96B00CB8719 /* SCSI2SD_HID.hh */,
				141C5F7B2480D96B00CB8719 /* SCSI2SD_HID.mm */,
				141C5F762480D92200CB8719 /* ConfigUtil.hh */,
				141C5F772480D92200CB8719 /* ConfigUtil.mm */,
				14C54CAE244B9D9F0086316F /* hidpacket.c */,
				14418B4623AAC77000C8EB09 /* hidpacket.h */,
				1458093424834B8A00159CB8 /* hwversion.c */,
				14C271A1242637B7003AA991 /* hidapi.h */,
				14AF8336243A1B220046D0DF /* Dfu.cc */,
				14AF8335243A1B220046D0DF /* Dfu.hh */,
				14C271A2242637F6003AA991 /* hid.c */,
				14C271A424265240003AA991 /* scsi2sd.h */,
				14DEC5E6239F456800ECD04A /* Functions.mm */,
				14DEC5E7239F456800ECD04A /* Functions.hh */,
			);
			path = CPPModules;
			sourceTree = "<group>";
		};
		1482B1DB23973F3E001BA513 = {
			isa = PBXGroup;
			children = (
				1482B1E623973F3E001BA513 /* SCSI2SD-util */,
				14D96BCD23C935330008E7B3 /* scsi2sd-util-v6-cli */,
				1482B1E523973F3E001BA513 /* Products */,
				31BC21F99112F28CA817EF9E /* Pods */,
				1474BFE223996564003C67D5 /* libs */,
				CA52CD68CFE882DFB0712F77 /* Frameworks */,
			);
			sourceTree = "<group>";
		};
		1482B1E523973F3E001BA513 /* Products */ = {
			isa = PBXGroup;
			children = (
				1482B1E423973F3E001BA513 /* SCSI2SD-util-v6.app */,
				14D96BCC23C935320008E7B3 /* scsi2sd-util-v6-cli */,
			);
			name = Products;
			sourceTree = "<group>";
		};
		1482B1E623973F3E001BA513 /* SCSI2SD-util */ = {
			isa = PBXGroup;
			children = (
				14CF47CF248EFFD900D2B6AF /* SCSI2SD-util-v6.entitlements */,
				14C54CB0244BBC250086316F /* Precompiled */,
				146A538F23BBEB5B0000A06B /* Classes */,
				14DEC5EC23A4C67A00ECD04A /* Categories */,
				1474C0FB23998F0D003C67D5 /* CPPModules */,
				1482B1F8239748DB001BA513 /* ViewControllers */,
				1482B1E723973F3E001BA513 /* AppDelegate.hh */,
				1482B1E823973F3E001BA513 /* AppDelegate.mm */,
				1482B1EC23973F42001BA513 /* MainMenu.xib */,
				140ABC3A249C04A4004D15BD /* SCSInSD-135px.png */,
				14B8ABFA249C175000DD2E88 /* SCSI2SD-V6-util-512.png */,
				1482B1EF23973F42001BA513 /* Info.plist */,
				1482B1F023973F42001BA513 /* main.m */,
				1482B1EA23973F42001BA513 /* Assets.xcassets */,
			);
			path = "SCSI2SD-util";
			sourceTree = "<group>";
		};
		1482B1F8239748DB001BA513 /* ViewControllers */ = {
			isa = PBXGroup;
			children = (
				1482B1F9239748DB001BA513 /* SettingsController.hh */,
				1482B204239748DB001BA513 /* SettingsController.mm */,
				1482B1FA239748DB001BA513 /* DeviceController.hh */,
				1482B203239748DB001BA513 /* DeviceController.mm */,
			);
			path = ViewControllers;
			sourceTree = "<group>";
		};
		14C54CB0244BBC250086316F /* Precompiled */ = {
			isa = PBXGroup;
			children = (
				14C54CB1244BBC590086316F /* dfu-util */,
			);
			path = Precompiled;
			sourceTree = "<group>";
		};
		14D96BCD23C935330008E7B3 /* scsi2sd-util-v6-cli */ = {
			isa = PBXGroup;
			children = (
				14F2F96E23CA2E8B00169DD2 /* scsi2sd-util-cli.entitlements */,
				14D96BCE23C935330008E7B3 /* main.mm */,
				14F2F96323C94A4400169DD2 /* SCSI2SDTask.hh */,
				14F2F96423C94A4400169DD2 /* SCSI2SDTask.mm */,
			);
			path = "scsi2sd-util-v6-cli";
			sourceTree = "<group>";
		};
		14DEC5EC23A4C67A00ECD04A /* Categories */ = {
			isa = PBXGroup;
			children = (
				14DEC5ED23A4C76000ECD04A /* NSString+Extensions.h */,
				14DEC5EE23A4C76000ECD04A /* NSString+Extensions.m */,
			);
			path = Categories;
			sourceTree = "<group>";
		};
		31BC21F99112F28CA817EF9E /* Pods */ = {
			isa = PBXGroup;
			children = (
				80B2DBC239F277A6AFA807C1 /* Pods-SCSI2SD-util.debug.xcconfig */,
				C34401CBF433454F6C107C26 /* Pods-SCSI2SD-util.release.xcconfig */,
				03245E2E41A614094EACB579 /* Pods-SCSI2SD-util.debug.xcconfig */,
				FD4F7093A175B9A00AB5ACC0 /* Pods-SCSI2SD-util.release.xcconfig */,
				39658F20DC40CB44AAC9F0FB /* Pods-SCSI2SD-util-v6.debug.xcconfig */,
				792CF6FB662A5C9164598673 /* Pods-SCSI2SD-util-v6.release.xcconfig */,
			);
			path = Pods;
			sourceTree = "<group>";
		};
		CA52CD68CFE882DFB0712F77 /* Frameworks */ = {
			isa = PBXGroup;
			children = (
				14B79B0D244A315E00C3FC92 /* libusb-1.0.a */,
				26451B5FE5FE6B8B9C117D01 /* libPods-SCSI2SD-util-v6.a */,
			);
			name = Frameworks;
			sourceTree = "<group>";
		};
/* End PBXGroup section */

/* Begin PBXNativeTarget section */
		1482B1E323973F3E001BA513 /* SCSI2SD-util-v6 */ = {
			isa = PBXNativeTarget;
			buildConfigurationList = 1482B1F523973F42001BA513 /* Build configuration list for PBXNativeTarget "SCSI2SD-util-v6" */;
			buildPhases = (
				11ADFF7BE99FBC0F56B13A1B /* [CP] Check Pods Manifest.lock */,
				1482B1E023973F3E001BA513 /* Sources */,
				1482B1E123973F3E001BA513 /* Frameworks */,
				1482B1E223973F3E001BA513 /* Resources */,
			);
			buildRules = (
			);
			dependencies = (
			);
			name = "SCSI2SD-util-v6";
			productName = "SCSI2SD-util";
			productReference = 1482B1E423973F3E001BA513 /* SCSI2SD-util-v6.app */;
			productType = "com.apple.product-type.application";
		};
		14D96BCB23C935320008E7B3 /* scsi2sd-util-cli */ = {
			isa = PBXNativeTarget;
			buildConfigurationList = 14D96BD223C935330008E7B3 /* Build configuration list for PBXNativeTarget "scsi2sd-util-cli" */;
			buildPhases = (
				14D96BC823C935320008E7B3 /* Sources */,
				14D96BC923C935320008E7B3 /* Frameworks */,
				14D96BCA23C935320008E7B3 /* CopyFiles */,
			);
			buildRules = (
			);
			dependencies = (
			);
			name = "scsi2sd-util-cli";
			productName = "scsi2sd-util-cli";
			productReference = 14D96BCC23C935320008E7B3 /* scsi2sd-util-v6-cli */;
			productType = "com.apple.product-type.tool";
		};
/* End PBXNativeTarget section */

/* Begin PBXProject section */
		1482B1DC23973F3E001BA513 /* Project object */ = {
			isa = PBXProject;
			attributes = {
				LastUpgradeCheck = 1130;
				ORGANIZATIONNAME = "RabbitHole Computing, LLC";
				TargetAttributes = {
					1482B1E323973F3E001BA513 = {
						CreatedOnToolsVersion = 11.2.1;
					};
					14D96BCB23C935320008E7B3 = {
						CreatedOnToolsVersion = 11.3;
					};
				};
			};
			buildConfigurationList = 1482B1DF23973F3E001BA513 /* Build configuration list for PBXProject "SCSI2SD-util-v6" */;
			compatibilityVersion = "Xcode 9.3";
			developmentRegion = en;
			hasScannedForEncodings = 0;
			knownRegions = (
				en,
				Base,
			);
			mainGroup = 1482B1DB23973F3E001BA513;
			productRefGroup = 1482B1E523973F3E001BA513 /* Products */;
			projectDirPath = "";
			projectRoot = "";
			targets = (
				1482B1E323973F3E001BA513 /* SCSI2SD-util-v6 */,
				14D96BCB23C935320008E7B3 /* scsi2sd-util-cli */,
			);
		};
/* End PBXProject section */

/* Begin PBXResourcesBuildPhase section */
		1482B1E223973F3E001BA513 /* Resources */ = {
			isa = PBXResourcesBuildPhase;
			buildActionMask = 2147483647;
			files = (
				1482B1EB23973F42001BA513 /* Assets.xcassets in Resources */,
				140ABC3B249C04A4004D15BD /* SCSInSD-135px.png in Resources */,
				1482B1EE23973F42001BA513 /* MainMenu.xib in Resources */,
				14C54CB2244BBC5A0086316F /* dfu-util in Resources */,
				14B8ABFB249C175000DD2E88 /* SCSI2SD-V6-util-512.png in Resources */,
			);
			runOnlyForDeploymentPostprocessing = 0;
		};
/* End PBXResourcesBuildPhase section */

/* Begin PBXShellScriptBuildPhase section */
		11ADFF7BE99FBC0F56B13A1B /* [CP] Check Pods Manifest.lock */ = {
			isa = PBXShellScriptBuildPhase;
			buildActionMask = 2147483647;
			files = (
			);
			inputPaths = (
				"${PODS_PODFILE_DIR_PATH}/Podfile.lock",
				"${PODS_ROOT}/Manifest.lock",
			);
			name = "[CP] Check Pods Manifest.lock";
			outputPaths = (
				"$(DERIVED_FILE_DIR)/Pods-SCSI2SD-util-v6-checkManifestLockResult.txt",
			);
			runOnlyForDeploymentPostprocessing = 0;
			shellPath = /bin/sh;
			shellScript = "diff \"${PODS_PODFILE_DIR_PATH}/Podfile.lock\" \"${PODS_ROOT}/Manifest.lock\" > /dev/null\nif [ $? != 0 ] ; then\n    # print error to STDERR\n    echo \"error: The sandbox is not in sync with the Podfile.lock. Run 'pod install' or update your CocoaPods installation.\" >&2\n    exit 1\nfi\n# This output is used by Xcode 'outputs' to avoid re-running this script phase.\necho \"SUCCESS\" > \"${SCRIPT_OUTPUT_FILE_0}\"\n";
			showEnvVarsInLog = 0;
		};
/* End PBXShellScriptBuildPhase section */

/* Begin PBXSourcesBuildPhase section */
		1482B1E023973F3E001BA513 /* Sources */ = {
			isa = PBXSourcesBuildPhase;
			buildActionMask = 2147483647;
			files = (
				14AF8337243A1B220046D0DF /* Dfu.cc in Sources */,
				141C5F7C2480D96C00CB8719 /* SCSI2SD_HID.mm in Sources */,
				14DEC5EF23A4C76000ECD04A /* NSString+Extensions.m in Sources */,
				14C271A3242637F6003AA991 /* hid.c in Sources */,
				1482B20F239748DB001BA513 /* DeviceController.mm in Sources */,
				145809482486025300159CB8 /* stm32f2xx_hal.c in Sources */,
				1458093524834B8A00159CB8 /* hwversion.c in Sources */,
				141C5F782480D92200CB8719 /* ConfigUtil.mm in Sources */,
				146A539223BBEB800000A06B /* ConfigObject.mm in Sources */,
				1482B1F123973F42001BA513 /* main.m in Sources */,
				14580A83248845CA00159CB8 /* dfu_load.c in Sources */,
				1458098824871D8700159CB8 /* time.c in Sources */,
				145809802486F90C00159CB8 /* stm32f2xx_hal_flash_ex.c in Sources */,
				14DEC5E8239F456800ECD04A /* Functions.mm in Sources */,
				14580A7E248845CA00159CB8 /* dfuse_mem.c in Sources */,
				145809842486FA1000159CB8 /* stm32f2xx_hal_rcc.c in Sources */,
				145809432486021F00159CB8 /* stm32f2xx_hal_gpio.c in Sources */,
				1482B210239748DB001BA513 /* SettingsController.mm in Sources */,
				1458098A24871E1F00159CB8 /* system_stm32f2xx.c in Sources */,
				14580A80248845CA00159CB8 /* lib_main.c in Sources */,
				145809822486F96600159CB8 /* stm32f2xx_hal_cortex.c in Sources */,
				14580A7B248845CA00159CB8 /* quirks.c in Sources */,
				14C54CAF244B9D9F0086316F /* hidpacket.c in Sources */,
				14580A7F248845CA00159CB8 /* dfuse.c in Sources */,
				14580A7D248845CA00159CB8 /* dfu.c in Sources */,
				14580A7A248845CA00159CB8 /* dfu_file.c in Sources */,
				1482B1E923973F3E001BA513 /* AppDelegate.mm in Sources */,
				145809452486021F00159CB8 /* stm32f2xx_hal_flash.c in Sources */,
				14580A7C248845CA00159CB8 /* dfu_util.c in Sources */,
			);
			runOnlyForDeploymentPostprocessing = 0;
		};
		14D96BC823C935320008E7B3 /* Sources */ = {
			isa = PBXSourcesBuildPhase;
			buildActionMask = 2147483647;
			files = (
				14580A8F248886F100159CB8 /* stm32f2xx_hal_rcc.c in Sources */,
				14580A8C2488461C00159CB8 /* quirks.c in Sources */,
				14F2F96C23CA23F700169DD2 /* NSString+Extensions.m in Sources */,
				14580A882488460900159CB8 /* dfuse_mem.c in Sources */,
				1458093624834B8A00159CB8 /* hwversion.c in Sources */,
				14580A91248886F900159CB8 /* stm32f2xx_hal_flash_ex.c in Sources */,
				145809462486021F00159CB8 /* stm32f2xx_hal_flash.c in Sources */,
				14F2F96523C94A4400169DD2 /* SCSI2SDTask.mm in Sources */,
				141C5F74247F11B300CB8719 /* hid.c in Sources */,
				145809442486021F00159CB8 /* stm32f2xx_hal_gpio.c in Sources */,
				141C5F7D2480D97B00CB8719 /* SCSI2SD_HID.mm in Sources */,
				145809492486025300159CB8 /* stm32f2xx_hal.c in Sources */,
				14F2F96D23CA23FA00169DD2 /* ConfigObject.mm in Sources */,
				14580A84248845F900159CB8 /* dfu_file.c in Sources */,
				141C5F71247F11A500CB8719 /* hidpacket.c in Sources */,
				1458098B24871E2600159CB8 /* system_stm32f2xx.c in Sources */,
				14F2F96B23CA23F000169DD2 /* Functions.mm in Sources */,
				14580A92248887BB00159CB8 /* time.c in Sources */,
				14580A8A2488461000159CB8 /* lib_main.c in Sources */,
				141C5F72247F11A900CB8719 /* Dfu.cc in Sources */,
				14580A90248886F500159CB8 /* stm32f2xx_hal_cortex.c in Sources */,
				14580A892488460C00159CB8 /* dfuse.c in Sources */,
				14D96BCF23C935330008E7B3 /* main.mm in Sources */,
				14580A85248845FC00159CB8 /* dfu_load.c in Sources */,
				141C5F792480D92E00CB8719 /* ConfigUtil.mm in Sources */,
				14580A862488460000159CB8 /* dfu_util.c in Sources */,
				14580A872488460500159CB8 /* dfu.c in Sources */,
			);
			runOnlyForDeploymentPostprocessing = 0;
		};
/* End PBXSourcesBuildPhase section */

/* Begin PBXVariantGroup section */
		1482B1EC23973F42001BA513 /* MainMenu.xib */ = {
			isa = PBXVariantGroup;
			children = (
				14C54CAD244B5B710086316F /* Base */,
			);
			name = MainMenu.xib;
			sourceTree = "<group>";
		};
/* End PBXVariantGroup section */

/* Begin XCBuildConfiguration section */
		1482B1F323973F42001BA513 /* Debug */ = {
			isa = XCBuildConfiguration;
			buildSettings = {
				ALWAYS_SEARCH_USER_PATHS = NO;
				CLANG_ANALYZER_NONNULL = YES;
				CLANG_ANALYZER_NUMBER_OBJECT_CONVERSION = YES_AGGRESSIVE;
				CLANG_CXX_LANGUAGE_STANDARD = "gnu++14";
				CLANG_CXX_LIBRARY = "libc++";
				CLANG_ENABLE_MODULES = YES;
				CLANG_ENABLE_OBJC_ARC = YES;
				CLANG_ENABLE_OBJC_WEAK = YES;
				CLANG_WARN_BLOCK_CAPTURE_AUTORELEASING = YES;
				CLANG_WARN_BOOL_CONVERSION = YES;
				CLANG_WARN_COMMA = YES;
				CLANG_WARN_CONSTANT_CONVERSION = YES;
				CLANG_WARN_DEPRECATED_OBJC_IMPLEMENTATIONS = YES;
				CLANG_WARN_DIRECT_OBJC_ISA_USAGE = YES_ERROR;
				CLANG_WARN_DOCUMENTATION_COMMENTS = YES;
				CLANG_WARN_EMPTY_BODY = YES;
				CLANG_WARN_ENUM_CONVERSION = YES;
				CLANG_WARN_INFINITE_RECURSION = YES;
				CLANG_WARN_INT_CONVERSION = YES;
				CLANG_WARN_NON_LITERAL_NULL_CONVERSION = YES;
				CLANG_WARN_OBJC_IMPLICIT_RETAIN_SELF = YES;
				CLANG_WARN_OBJC_LITERAL_CONVERSION = YES;
				CLANG_WARN_OBJC_ROOT_CLASS = YES_ERROR;
				CLANG_WARN_RANGE_LOOP_ANALYSIS = YES;
				CLANG_WARN_STRICT_PROTOTYPES = YES;
				CLANG_WARN_SUSPICIOUS_MOVE = YES;
				CLANG_WARN_UNGUARDED_AVAILABILITY = YES_AGGRESSIVE;
				CLANG_WARN_UNREACHABLE_CODE = YES;
				CLANG_WARN__DUPLICATE_METHOD_MATCH = YES;
				COPY_PHASE_STRIP = NO;
				DEBUG_INFORMATION_FORMAT = dwarf;
				ENABLE_STRICT_OBJC_MSGSEND = YES;
				ENABLE_TESTABILITY = YES;
				GCC_C_LANGUAGE_STANDARD = gnu11;
				GCC_DYNAMIC_NO_PIC = NO;
				GCC_NO_COMMON_BLOCKS = YES;
				GCC_OPTIMIZATION_LEVEL = 0;
				GCC_PREPROCESSOR_DEFINITIONS = (
					"DEBUG=1",
					"$(inherited)",
				);
				GCC_WARN_64_TO_32_BIT_CONVERSION = YES;
				GCC_WARN_ABOUT_RETURN_TYPE = YES_ERROR;
				GCC_WARN_UNDECLARED_SELECTOR = YES;
				GCC_WARN_UNINITIALIZED_AUTOS = YES_AGGRESSIVE;
				GCC_WARN_UNUSED_FUNCTION = YES;
				GCC_WARN_UNUSED_VARIABLE = YES;
				IBC_NOTICES = NO;
				IBC_WARNINGS = NO;
				MACOSX_DEPLOYMENT_TARGET = 10.7;
				MTL_ENABLE_DEBUG_INFO = INCLUDE_SOURCE;
				MTL_FAST_MATH = YES;
				ONLY_ACTIVE_ARCH = YES;
				SDKROOT = macosx;
				USER_HEADER_SEARCH_PATHS = "${PROJECT_DIR}/../../src/scsi2sd-util6/libusb-1.0.23/libusb";
			};
			name = Debug;
		};
		1482B1F423973F42001BA513 /* Release */ = {
			isa = XCBuildConfiguration;
			buildSettings = {
				ALWAYS_SEARCH_USER_PATHS = NO;
				CLANG_ANALYZER_NONNULL = YES;
				CLANG_ANALYZER_NUMBER_OBJECT_CONVERSION = YES_AGGRESSIVE;
				CLANG_CXX_LANGUAGE_STANDARD = "gnu++14";
				CLANG_CXX_LIBRARY = "libc++";
				CLANG_ENABLE_MODULES = YES;
				CLANG_ENABLE_OBJC_ARC = YES;
				CLANG_ENABLE_OBJC_WEAK = YES;
				CLANG_WARN_BLOCK_CAPTURE_AUTORELEASING = YES;
				CLANG_WARN_BOOL_CONVERSION = YES;
				CLANG_WARN_COMMA = YES;
				CLANG_WARN_CONSTANT_CONVERSION = YES;
				CLANG_WARN_DEPRECATED_OBJC_IMPLEMENTATIONS = YES;
				CLANG_WARN_DIRECT_OBJC_ISA_USAGE = YES_ERROR;
				CLANG_WARN_DOCUMENTATION_COMMENTS = YES;
				CLANG_WARN_EMPTY_BODY = YES;
				CLANG_WARN_ENUM_CONVERSION = YES;
				CLANG_WARN_INFINITE_RECURSION = YES;
				CLANG_WARN_INT_CONVERSION = YES;
				CLANG_WARN_NON_LITERAL_NULL_CONVERSION = YES;
				CLANG_WARN_OBJC_IMPLICIT_RETAIN_SELF = YES;
				CLANG_WARN_OBJC_LITERAL_CONVERSION = YES;
				CLANG_WARN_OBJC_ROOT_CLASS = YES_ERROR;
				CLANG_WARN_RANGE_LOOP_ANALYSIS = YES;
				CLANG_WARN_STRICT_PROTOTYPES = YES;
				CLANG_WARN_SUSPICIOUS_MOVE = YES;
				CLANG_WARN_UNGUARDED_AVAILABILITY = YES_AGGRESSIVE;
				CLANG_WARN_UNREACHABLE_CODE = YES;
				CLANG_WARN__DUPLICATE_METHOD_MATCH = YES;
				COPY_PHASE_STRIP = NO;
				DEBUG_INFORMATION_FORMAT = "dwarf-with-dsym";
				ENABLE_NS_ASSERTIONS = NO;
				ENABLE_STRICT_OBJC_MSGSEND = YES;
				GCC_C_LANGUAGE_STANDARD = gnu11;
				GCC_NO_COMMON_BLOCKS = YES;
				GCC_WARN_64_TO_32_BIT_CONVERSION = YES;
				GCC_WARN_ABOUT_RETURN_TYPE = YES_ERROR;
				GCC_WARN_UNDECLARED_SELECTOR = YES;
				GCC_WARN_UNINITIALIZED_AUTOS = YES_AGGRESSIVE;
				GCC_WARN_UNUSED_FUNCTION = YES;
				GCC_WARN_UNUSED_VARIABLE = YES;
				IBC_NOTICES = NO;
				IBC_WARNINGS = NO;
				MACOSX_DEPLOYMENT_TARGET = 10.7;
				MTL_ENABLE_DEBUG_INFO = NO;
				MTL_FAST_MATH = YES;
				SDKROOT = macosx;
				USER_HEADER_SEARCH_PATHS = "${PROJECT_DIR}/../../src/scsi2sd-util6/libusb-1.0.23/libusb";
			};
			name = Release;
		};
		1482B1F623973F42001BA513 /* Debug */ = {
			isa = XCBuildConfiguration;
			baseConfigurationReference = 39658F20DC40CB44AAC9F0FB /* Pods-SCSI2SD-util-v6.debug.xcconfig */;
			buildSettings = {
				ASSETCATALOG_COMPILER_APPICON_NAME = AppIcon;
				CLANG_WARN_DOCUMENTATION_COMMENTS = NO;
				CODE_SIGN_ENTITLEMENTS = "SCSI2SD-util/SCSI2SD-util-v6.entitlements";
				CODE_SIGN_IDENTITY = "-";
				CODE_SIGN_STYLE = Automatic;
				COMBINE_HIDPI_IMAGES = YES;
				DEVELOPMENT_TEAM = X34KG7M8TP;
				ENABLE_HARDENED_RUNTIME = YES;
				HEADER_SEARCH_PATHS = (
					"$(inherited)",
					"\"${PODS_ROOT}/Headers/Public\"",
					"\"${PODS_ROOT}/Headers/Public/hidapi\"",
					"\"${PROJECT_DIR}/libs/include/scsi2sd-util\"",
					"\"${PROJECT_DIR}/libs/include/libz\"",
					"\"${PROJECT_DIR}/libs/include/zipper\"",
				);
				INFOPLIST_FILE = "SCSI2SD-util/Info.plist";
				LD_RUNPATH_SEARCH_PATHS = (
					"$(inherited)",
					"@executable_path/../Frameworks",
				);
				LIBRARY_SEARCH_PATHS = (
					"$(inherited)",
					"$(PROJECT_DIR)/libs/lib",
				);
				MACOSX_DEPLOYMENT_TARGET = 10.7;
				OTHER_LDFLAGS = (
					"$(inherited)",
					"-ObjC",
					"-l\"z\"",
					"-framework",
					"\"CoreFoundation\"",
					"-framework",
					"\"IOKit\"",
					"-l\"zipper\"",
					"-l\"usb-1.0\"",
				);
				PRODUCT_BUNDLE_IDENTIFIER = "com.rabbitholecomputing.SCSI2SD-util";
				PRODUCT_NAME = "$(TARGET_NAME)";
			};
			name = Debug;
		};
		1482B1F723973F42001BA513 /* Release */ = {
			isa = XCBuildConfiguration;
			baseConfigurationReference = 792CF6FB662A5C9164598673 /* Pods-SCSI2SD-util-v6.release.xcconfig */;
			buildSettings = {
				ASSETCATALOG_COMPILER_APPICON_NAME = AppIcon;
				CLANG_WARN_DOCUMENTATION_COMMENTS = NO;
				CODE_SIGN_ENTITLEMENTS = "SCSI2SD-util/SCSI2SD-util-v6.entitlements";
				CODE_SIGN_IDENTITY = "-";
				CODE_SIGN_STYLE = Automatic;
				COMBINE_HIDPI_IMAGES = YES;
				DEVELOPMENT_TEAM = X34KG7M8TP;
				ENABLE_HARDENED_RUNTIME = YES;
				HEADER_SEARCH_PATHS = (
					"$(inherited)",
					"\"${PODS_ROOT}/Headers/Public\"",
					"\"${PODS_ROOT}/Headers/Public/hidapi\"",
					"\"${PROJECT_DIR}/libs/include/scsi2sd-util\"",
					"\"${PROJECT_DIR}/libs/include/libz\"",
					"\"${PROJECT_DIR}/libs/include/zipper\"",
				);
				INFOPLIST_FILE = "SCSI2SD-util/Info.plist";
				LD_RUNPATH_SEARCH_PATHS = (
					"$(inherited)",
					"@executable_path/../Frameworks",
				);
				LIBRARY_SEARCH_PATHS = (
					"$(inherited)",
					"$(PROJECT_DIR)/libs/lib",
				);
				MACOSX_DEPLOYMENT_TARGET = 10.7;
				OTHER_LDFLAGS = (
					"$(inherited)",
					"-ObjC",
					"-l\"z\"",
					"-framework",
					"\"CoreFoundation\"",
					"-framework",
					"\"IOKit\"",
					"-l\"zipper\"",
					"-l\"usb-1.0\"",
				);
				PRODUCT_BUNDLE_IDENTIFIER = "com.rabbitholecomputing.SCSI2SD-util";
				PRODUCT_NAME = "$(TARGET_NAME)";
			};
			name = Release;
		};
		14D96BD023C935330008E7B3 /* Debug */ = {
			isa = XCBuildConfiguration;
			buildSettings = {
				CLANG_WARN_DOCUMENTATION_COMMENTS = NO;
				CODE_SIGN_ENTITLEMENTS = "scsi2sd-util-v6-cli/scsi2sd-util-cli.entitlements";
				CODE_SIGN_IDENTITY = "-";
				CODE_SIGN_STYLE = Automatic;
				DEVELOPMENT_TEAM = X34KG7M8TP;
				ENABLE_HARDENED_RUNTIME = NO;
				HEADER_SEARCH_PATHS = (
					"$(inherited)",
					"${PROJECT_DIR}/Pods/Headers/Public",
					"${PROJECT_DIR}/Pods/Headers/Public/Base64",
					"${PROJECT_DIR}/libs/include/zipper",
					"${PROJECT_DIR}/libs/include/libz",
					"${PROJECT_DIR}/libs/include/scsi2sd-util",
				);
				INFOPLIST_FILE = "$(SRCROOT)/SCSI2SD-util/Info.plist";
				LIBRARY_SEARCH_PATHS = (
					"$(inherited)",
					"${BUILD_DIR}/Debug/Base64",
					"$(PROJECT_DIR)/libs/lib",
				);
				MACOSX_DEPLOYMENT_TARGET = 10.7;
				OTHER_LDFLAGS = (
					"-l\"z\"",
					"-l\"zipper\"",
					"-ObjC",
					"-framework",
					"\"IOKit\"",
					"-framework",
					"\"CoreFoundation\"",
				);
				PRODUCT_NAME = "scsi2sd-util-v6-cli";
			};
			name = Debug;
		};
		14D96BD123C935330008E7B3 /* Release */ = {
			isa = XCBuildConfiguration;
			buildSettings = {
				CLANG_WARN_DOCUMENTATION_COMMENTS = NO;
				CODE_SIGN_ENTITLEMENTS = "scsi2sd-util-v6-cli/scsi2sd-util-cli.entitlements";
				CODE_SIGN_IDENTITY = "-";
				CODE_SIGN_STYLE = Automatic;
				DEVELOPMENT_TEAM = X34KG7M8TP;
				ENABLE_HARDENED_RUNTIME = NO;
				HEADER_SEARCH_PATHS = (
					"$(inherited)",
					"${PROJECT_DIR}/Pods/Headers/Public",
					"${PROJECT_DIR}/Pods/Headers/Public/Base64",
					"${PROJECT_DIR}/libs/include/zipper",
					"${PROJECT_DIR}/libs/include/libz",
					"${PROJECT_DIR}/libs/include/scsi2sd-util",
				);
				INFOPLIST_FILE = "$(SRCROOT)/SCSI2SD-util/Info.plist";
				LIBRARY_SEARCH_PATHS = (
					"$(inherited)",
					"${BUILD_DIR}Release/Base64",
					"$(PROJECT_DIR)/libs/lib",
				);
				MACOSX_DEPLOYMENT_TARGET = 10.7;
				OTHER_LDFLAGS = (
					"-l\"z\"",
					"-l\"zipper\"",
					"-ObjC",
					"-framework",
					"\"IOKit\"",
					"-framework",
					"\"CoreFoundation\"",
				);
				PRODUCT_NAME = "scsi2sd-util-v6-cli";
			};
			name = Release;
		};
/* End XCBuildConfiguration section */

/* Begin XCConfigurationList section */
		1482B1DF23973F3E001BA513 /* Build configuration list for PBXProject "SCSI2SD-util-v6" */ = {
			isa = XCConfigurationList;
			buildConfigurations = (
				1482B1F323973F42001BA513 /* Debug */,
				1482B1F423973F42001BA513 /* Release */,
			);
			defaultConfigurationIsVisible = 0;
			defaultConfigurationName = Release;
		};
		1482B1F523973F42001BA513 /* Build configuration list for PBXNativeTarget "SCSI2SD-util-v6" */ = {
			isa = XCConfigurationList;
			buildConfigurations = (
				1482B1F623973F42001BA513 /* Debug */,
				1482B1F723973F42001BA513 /* Release */,
			);
			defaultConfigurationIsVisible = 0;
			defaultConfigurationName = Release;
		};
		14D96BD223C935330008E7B3 /* Build configuration list for PBXNativeTarget "scsi2sd-util-cli" */ = {
			isa = XCConfigurationList;
			buildConfigurations = (
				14D96BD023C935330008E7B3 /* Debug */,
				14D96BD123C935330008E7B3 /* Release */,
			);
			defaultConfigurationIsVisible = 0;
			defaultConfigurationName = Release;
		};
/* End XCConfigurationList section */
	};
	rootObject = 1482B1DC23973F3E001BA513 /* Project object */;
}
